// !$*UTF8*$!
{
	archiveVersion = 1;
	classes = {
	};
	objectVersion = 77;
	objects = {

/* Begin PBXBuildFile section */
		0120C864D9E70F38E640E3AD /* SearchView.swift in Sources */ = {isa = PBXBuildFile; fileRef = A52B0821B604B4E6D1211664 /* SearchView.swift */; };
		0168437CE76333591F37053C /* NotificationViewController.swift in Sources */ = {isa = PBXBuildFile; fileRef = 18AB5D090D947683FAD37D71 /* NotificationViewController.swift */; };
		01C3A196D5ED274925B6C58F /* AccountSettingsView.swift in Sources */ = {isa = PBXBuildFile; fileRef = 94ECD351B727AA8F6A2FB1F5 /* AccountSettingsView.swift */; };
		02DD8B9EE0C3BC3336D2D9C5 /* EntitlementsManager.swift in Sources */ = {isa = PBXBuildFile; fileRef = F51C22E78FEFE48AC04F4832 /* EntitlementsManager.swift */; };
		034B1AD5FF44E65062615B47 /* SessionQueueBuilderTests.swift in Sources */ = {isa = PBXBuildFile; fileRef = A48C55A0C36640F3F80A4346 /* SessionQueueBuilderTests.swift */; };
		0517803C799830F5D2612199 /* Control.swift in Sources */ = {isa = PBXBuildFile; fileRef = 5E1E904C0BB96CFDF0B549B4 /* Control.swift */; };
		05DA212F265AF76F77C41B19 /* SessionQueueBuilder.swift in Sources */ = {isa = PBXBuildFile; fileRef = B69BE1712FF228283528309B /* SessionQueueBuilder.swift */; };
		0663734BD2CB80C862FB72B4 /* MutationQueue.swift in Sources */ = {isa = PBXBuildFile; fileRef = 5C541DE92720101FECDDBFDF /* MutationQueue.swift */; };
		08587D58067C0A312630DA8D /* RatingMapping.swift in Sources */ = {isa = PBXBuildFile; fileRef = 9FF2A62213E52FA682809B1B /* RatingMapping.swift */; };
		08CDD3732EDAFE1C60B0B926 /* Clock.swift in Sources */ = {isa = PBXBuildFile; fileRef = AC88DBBFD5579BED38C6C052 /* Clock.swift */; };
		09641B8D5F3C677F4BEF3149 /* MWReminderContent.appex in Embed Foundation Extensions */ = {isa = PBXBuildFile; fileRef = C8FEC5FD8EDE153F9070FF76 /* MWReminderContent.appex */; settings = {ATTRIBUTES = (RemoveHeadersOnCopy, ); }; };
		09E626CEFFD279643612951A /* ReviewEntity.swift in Sources */ = {isa = PBXBuildFile; fileRef = 28278995FCCF84EB0A23F25E /* ReviewEntity.swift */; };
		0B74F651D3DFD81C346B4BF8 /* BulkActionsSheet.swift in Sources */ = {isa = PBXBuildFile; fileRef = D2A5FCDCF59EA98B403E6950 /* BulkActionsSheet.swift */; };
		0CE9FF860E161A9FAE5EEB2C /* CardEditView.swift in Sources */ = {isa = PBXBuildFile; fileRef = 260DE1302BED01867EB042A4 /* CardEditView.swift */; };
		0E2A175C95F7ECC8C1D4F750 /* SyncManager.swift in Sources */ = {isa = PBXBuildFile; fileRef = ED9D3C2D7338126C6D12C080 /* SyncManager.swift */; };
		0FE353CC6C9D1D5117085ECC /* MWSwitch.swift in Sources */ = {isa = PBXBuildFile; fileRef = 080906C8209BFFC0A09C6D70 /* MWSwitch.swift */; };
		14B11B2AE3E64C2AD3E5FDB0 /* UITestLaunch.swift in Sources */ = {isa = PBXBuildFile; fileRef = 256DB2415229AA61623D381B /* UITestLaunch.swift */; };
		1632434E093FB8EA04CC736E /* SyncPusherTests.swift in Sources */ = {isa = PBXBuildFile; fileRef = D6F136EB56F53DE1E21EC1B6 /* SyncPusherTests.swift */; };
		17EF0C4A3171AF043E4BAC80 /* Shadows.swift in Sources */ = {isa = PBXBuildFile; fileRef = EF1D480537F787B33D90D3D7 /* Shadows.swift */; };
		187FE4F00E40C3BF4E1A4740 /* MWDuePill.swift in Sources */ = {isa = PBXBuildFile; fileRef = 8355F6FE220725A6DAD560B3 /* MWDuePill.swift */; };
		190FCD89EB06257558CF3844 /* MWButtonPress.swift in Sources */ = {isa = PBXBuildFile; fileRef = 76798B4897CAC276448E489B /* MWButtonPress.swift */; };
		19BF3CEF62F523AA152B339F /* MWAccentKey.swift in Sources */ = {isa = PBXBuildFile; fileRef = 9B3925292F9A0F8A65D5ADA9 /* MWAccentKey.swift */; };
		1A8CBACAA7D7C3CE6949ACBA /* SubTopicRepository.swift in Sources */ = {isa = PBXBuildFile; fileRef = CC62BE8984796A6300F1A3A4 /* SubTopicRepository.swift */; };
		1B722014A736E1A696F9CE42 /* AnalyticsClient.swift in Sources */ = {isa = PBXBuildFile; fileRef = 0DED8C932C8C55A94E71D0C0 /* AnalyticsClient.swift */; };
		1B7A8C176DF9E0139D736634 /* ControlTokenTests.swift in Sources */ = {isa = PBXBuildFile; fileRef = CB15FDE0C8DC4DAAAD34C765 /* ControlTokenTests.swift */; };
		1D3B8506D046FAD46CE79849 /* FlashcardsApp.swift in Sources */ = {isa = PBXBuildFile; fileRef = 898ED96388E1C5A38EB3EC56 /* FlashcardsApp.swift */; };
		1DA511CE98F369F45C800BD8 /* SyncPuller.swift in Sources */ = {isa = PBXBuildFile; fileRef = EF7550BE1456411229916E6E /* SyncPuller.swift */; };
		1E58054BBF9A4F8DA26CA2A9 /* MWBottomSheet.swift in Sources */ = {isa = PBXBuildFile; fileRef = DB93E089FC42F72CAC03BF53 /* MWBottomSheet.swift */; };
		1F66E163B88A2C2BF974A268 /* FsrsSchedulerTests.swift in Sources */ = {isa = PBXBuildFile; fileRef = F2AB305B3F7E1933D1A125DE /* FsrsSchedulerTests.swift */; };
		20E8B8765A825363CF8F3AF6 /* SubscriptionSettingsView.swift in Sources */ = {isa = PBXBuildFile; fileRef = E9369A88499CFD0DA5AE6A3F /* SubscriptionSettingsView.swift */; };
		24189012899F3CED7AB44E5E /* PostHog in Frameworks */ = {isa = PBXBuildFile; productRef = 6BF295D3928BC732211057E9 /* PostHog */; };
		243778810AF92E413F4A7823 /* UUIDv7.swift in Sources */ = {isa = PBXBuildFile; fileRef = 69FC6B253B1E1DE3A8740B95 /* UUIDv7.swift */; };
		25287D01C2886383066B9082 /* MWIcon.swift in Sources */ = {isa = PBXBuildFile; fileRef = 5B8AEA2735B8301C16FE04DA /* MWIcon.swift */; };
		269B12D667F48D430D1EBCD6 /* MWSection.swift in Sources */ = {isa = PBXBuildFile; fileRef = 32FC48EE569534CBA573C1C8 /* MWSection.swift */; };
		285CF35E0C520419F1E10EE5 /* MWTextArea.swift in Sources */ = {isa = PBXBuildFile; fileRef = A5230E893284E35730064E5E /* MWTextArea.swift */; };
		29376E648562E2D0E155C238 /* PlansCache.swift in Sources */ = {isa = PBXBuildFile; fileRef = 47C26893A62EE8644CF55B3A /* PlansCache.swift */; };
		29EE21770BEDB0B02474747B /* ProfileSettingsView.swift in Sources */ = {isa = PBXBuildFile; fileRef = DDD65F929B3D4798FB10834A /* ProfileSettingsView.swift */; };
		2C783B53D6E3E96C7E386CC0 /* AssetEntity.swift in Sources */ = {isa = PBXBuildFile; fileRef = D8383BCF5096BCC46DE05D02 /* AssetEntity.swift */; };
		2FBB276265F68FA8374898A6 /* AppleSignInService.swift in Sources */ = {isa = PBXBuildFile; fileRef = C7A12C1B6BE8A6235B115D87 /* AppleSignInService.swift */; };
		30F160028695CE2061AEFC17 /* HistoryTabView.swift in Sources */ = {isa = PBXBuildFile; fileRef = 6948B9994028011FBBA79AAC /* HistoryTabView.swift */; };
		319BDA71D9F0A272D6841EDA /* MWScreen.swift in Sources */ = {isa = PBXBuildFile; fileRef = BE6E7C25A8A429F6EAF79073 /* MWScreen.swift */; };
		343AAB64A5721C045E9EE719 /* MWDot.swift in Sources */ = {isa = PBXBuildFile; fileRef = CFB0E68B8D3541EC7636DEFC /* MWDot.swift */; };
		3599F70D0B0838652ECA3538 /* CardRepository.swift in Sources */ = {isa = PBXBuildFile; fileRef = 8C087021FFDD8C1E5DDAA809 /* CardRepository.swift */; };
		360921A20F0D645429BE2DC9 /* MWDeckCard.swift in Sources */ = {isa = PBXBuildFile; fileRef = 5306AD88927E73E1EE08534B /* MWDeckCard.swift */; };
		362318A2FBB835F4F325DCA4 /* MWEmptyState.swift in Sources */ = {isa = PBXBuildFile; fileRef = A8D03B0AD8048DEC4380CC6F /* MWEmptyState.swift */; };
		37DE4CDC872A96BF66F19D8F /* Spacing.swift in Sources */ = {isa = PBXBuildFile; fileRef = E7BFBCFA88524780D98CE086 /* Spacing.swift */; };
		38D5739924BAD001DFD8E6ED /* CardSubTopicEntity.swift in Sources */ = {isa = PBXBuildFile; fileRef = 10AF568BF32CAB05DD5ED053 /* CardSubTopicEntity.swift */; };
		38E04964F920EBC5867CE164 /* StreakMonitor.swift in Sources */ = {isa = PBXBuildFile; fileRef = BC536E373440811930D08772 /* StreakMonitor.swift */; };
		3C0A04027670D60D6C90DF14 /* MagicLinkSentView.swift in Sources */ = {isa = PBXBuildFile; fileRef = EB119C7EA6CDB08651643EC5 /* MagicLinkSentView.swift */; };
		3EE3CE174FA0C82FC94EC066 /* PurchasesManager.swift in Sources */ = {isa = PBXBuildFile; fileRef = 954ADF49C1C6177C87B965F4 /* PurchasesManager.swift */; };
		4202B146CCA490A0CAC26E09 /* SignUpWallView.swift in Sources */ = {isa = PBXBuildFile; fileRef = E7D51F2962DF1E93EA9668E4 /* SignUpWallView.swift */; };
		443049A2EF4251E98FEAED53 /* BasicStudyView.swift in Sources */ = {isa = PBXBuildFile; fileRef = EF55A0D140D20340B0E0212A /* BasicStudyView.swift */; };
		4453BDD5207822B2246E75F3 /* MWActionSheet.swift in Sources */ = {isa = PBXBuildFile; fileRef = E5FA45303CDA14AD66B93806 /* MWActionSheet.swift */; };
		467E999C60E7D0AF70030741 /* APIClientTests.swift in Sources */ = {isa = PBXBuildFile; fileRef = F5CDDABFB08660589DAC7564 /* APIClientTests.swift */; };
		46EF757D55EAC0A4A9F39128 /* SyncIntegrationTests.swift in Sources */ = {isa = PBXBuildFile; fileRef = 0F4549AF5E4A8FF1B8BBBF31 /* SyncIntegrationTests.swift */; };
		4AE24E4F978227D3FEAF428B /* SubTopicEntity.swift in Sources */ = {isa = PBXBuildFile; fileRef = 4EE79E0CDC597ADAB502C8C9 /* SubTopicEntity.swift */; };
		4BA1E22E2A1302D2EEF72C8A /* SmartStudyView.swift in Sources */ = {isa = PBXBuildFile; fileRef = 265F581C55D868A8B31A0ACE /* SmartStudyView.swift */; };
		4C32138A2EAD9217C9B1C039 /* UserEntity.swift in Sources */ = {isa = PBXBuildFile; fileRef = 8FDD1D115541E030F53F11A8 /* UserEntity.swift */; };
		4E642E0365B3BAE6E0C987A5 /* CardsTabView.swift in Sources */ = {isa = PBXBuildFile; fileRef = 97807773209CB638A7C3856A /* CardsTabView.swift */; };
		4F357D7944554375AB0165EC /* MarkdownUI in Frameworks */ = {isa = PBXBuildFile; productRef = 1F414A0711619C5FDF3269DD /* MarkdownUI */; };
		4F3739FD8C07B8D27B0A7FF6 /* SplashView.swift in Sources */ = {isa = PBXBuildFile; fileRef = 131236E5F791B958F6E5BDEA /* SplashView.swift */; };
		505C92450AB7F77F836170B1 /* APIEndpoint.swift in Sources */ = {isa = PBXBuildFile; fileRef = C0779B8D6E61E0FA843454D6 /* APIEndpoint.swift */; };
		50D528B50CDEA0E4A89FA353 /* MWTextField.swift in Sources */ = {isa = PBXBuildFile; fileRef = FA292D13A4FD4DFA9AAE6053 /* MWTextField.swift */; };
		5151286603222647B1AACCB5 /* Intro1View.swift in Sources */ = {isa = PBXBuildFile; fileRef = 026338AE29FD796E495EB78B /* Intro1View.swift */; };
		52D5439183B9053C7E7404EB /* CardEntity.swift in Sources */ = {isa = PBXBuildFile; fileRef = 033AC2926EB4D961C4C424DC /* CardEntity.swift */; };
		586FEAF9A3BAF8A87F8DB4E2 /* DeckRepository.swift in Sources */ = {isa = PBXBuildFile; fileRef = EB62B6A6F41C3A1E236E3C10 /* DeckRepository.swift */; };
		58DB376C943A13A4DEB0F39C /* SyncScheduler.swift in Sources */ = {isa = PBXBuildFile; fileRef = 7A675AF8DB65EE2904C44D0B /* SyncScheduler.swift */; };
		59F5DF420EF34A63C92C3CA5 /* MWFormRow.swift in Sources */ = {isa = PBXBuildFile; fileRef = 4BC1DA0E68DA712D4F980330 /* MWFormRow.swift */; };
		5D67882376226C37CCEDBDED /* MagicLinkConsumer.swift in Sources */ = {isa = PBXBuildFile; fileRef = 3C2EEF58ABB8E128D7C31244 /* MagicLinkConsumer.swift */; };
		60CE3ABF4DCA85511909BDA1 /* Reachability.swift in Sources */ = {isa = PBXBuildFile; fileRef = 6944DDE653DA2FDC75F8FA1B /* Reachability.swift */; };
		61E3A6707A721022A5241E94 /* MWRatingButton.swift in Sources */ = {isa = PBXBuildFile; fileRef = 829365D41AABE8389B3A7FDC /* MWRatingButton.swift */; };
		627EE855F38320C6A8DA2D10 /* NotificationManager.swift in Sources */ = {isa = PBXBuildFile; fileRef = F8B70FE48D59D1CA437A2D14 /* NotificationManager.swift */; };
		6621BD3199DA11A08EAFE665 /* MWPill.swift in Sources */ = {isa = PBXBuildFile; fileRef = 4AB8DD260175A68C1CA1FCEA /* MWPill.swift */; };
		66BA7BE6211476E8F91EC20A /* HomeView.swift in Sources */ = {isa = PBXBuildFile; fileRef = 48B6A37BC87F9636592B2299 /* HomeView.swift */; };
		677876272A9353657D56BC78 /* Sentry in Frameworks */ = {isa = PBXBuildFile; productRef = B2E7B02A2283DBE098796542 /* Sentry */; };
		677D011943A1A762FB875994 /* SessionEngineTests.swift in Sources */ = {isa = PBXBuildFile; fileRef = D1253B9488FFE8A7299500BC /* SessionEngineTests.swift */; };
		6BC96A54318A7EC43FB27FC3 /* MWDestructiveButtonStyle.swift in Sources */ = {isa = PBXBuildFile; fileRef = 1A2F6309A56C16DB54F4E208 /* MWDestructiveButtonStyle.swift */; };
		6D7E3BF8947D24D9C2C8A064 /* MWDivider.swift in Sources */ = {isa = PBXBuildFile; fileRef = 088B7E1F4FEA8DB8F1829EC2 /* MWDivider.swift */; };
		7046D80BB7E05D4488B8E620 /* Assets.xcassets in Resources */ = {isa = PBXBuildFile; fileRef = 40590CEF9514F130D9EB7101 /* Assets.xcassets */; };
		72A95E60C67E631EB3FD2DBE /* DueCountPublisher.swift in Sources */ = {isa = PBXBuildFile; fileRef = 215707E42657BB52122090F1 /* DueCountPublisher.swift */; };
		72C41A07DC840AA76BAB53AA /* TokenStore.swift in Sources */ = {isa = PBXBuildFile; fileRef = CC46401E4827495FB1C0CED9 /* TokenStore.swift */; };
		739E324D69B53136DBA2C4D8 /* FsrsScheduler.swift in Sources */ = {isa = PBXBuildFile; fileRef = D4A6C997AC419320FA6B3516 /* FsrsScheduler.swift */; };
		7469D2561DCEC06499A1C483 /* MWSecondaryButtonStyle.swift in Sources */ = {isa = PBXBuildFile; fileRef = 7A16BDB6D28578249699970F /* MWSecondaryButtonStyle.swift */; };
		74E690F3B65905B02875F4A6 /* CardFormModel.swift in Sources */ = {isa = PBXBuildFile; fileRef = C8E104C4B0517745446B1DD7 /* CardFormModel.swift */; };
		782DF0C67B844C19FA65CCFE /* SessionEntity.swift in Sources */ = {isa = PBXBuildFile; fileRef = CCF8F77B9F27EABE94CD5BDA /* SessionEntity.swift */; };
		7C00A1D91D4886048AC8B54F /* Intro2View.swift in Sources */ = {isa = PBXBuildFile; fileRef = CBC69613C1B6A205B4F07A10 /* Intro2View.swift */; };
		7D3B9F4610A2221A7A677EA5 /* SettingsRootView.swift in Sources */ = {isa = PBXBuildFile; fileRef = A5F169ED41028FBDB6544FD3 /* SettingsRootView.swift */; };
		8513744E217874560E72406D /* MWTopBar.swift in Sources */ = {isa = PBXBuildFile; fileRef = BFDA16CADF647B3B6848CB1A /* MWTopBar.swift */; };
		874ECAFA7D825A5691170773 /* HomeViewModel.swift in Sources */ = {isa = PBXBuildFile; fileRef = 45807D51F144F68F37E66550 /* HomeViewModel.swift */; };
		8987EEEC6EA66D83E85EA8C4 /* MWCardTile.swift in Sources */ = {isa = PBXBuildFile; fileRef = EFF043754AAE8FDE9D141085 /* MWCardTile.swift */; };
		8B1C8DA5B9FFA67E666742C9 /* MWButton.swift in Sources */ = {isa = PBXBuildFile; fileRef = 7C21C770B2B3AF3347CF2284 /* MWButton.swift */; };
		9068880F7AD7040BBD0B3E25 /* SyncableRecord.swift in Sources */ = {isa = PBXBuildFile; fileRef = EF568EFFD771971970B8D385 /* SyncableRecord.swift */; };
		908C1BA6C8BEFF7595F4E477 /* AppStateTests.swift in Sources */ = {isa = PBXBuildFile; fileRef = CE40CC12E5F4D662B8D653E9 /* AppStateTests.swift */; };
		910979C7FC9DF8B27330B6B6 /* PendingMutationEntity.swift in Sources */ = {isa = PBXBuildFile; fileRef = B82C4A4AA1D82A8B89FB92E8 /* PendingMutationEntity.swift */; };
		918FA4E3B46D91876C6A1ED6 /* test_MWButton_primary_dark.dark.png in Resources */ = {isa = PBXBuildFile; fileRef = 7877A917EF68E9D82DE4ED2E /* test_MWButton_primary_dark.dark.png */; };
		92748C6CB52C39BBAE52F0A3 /* DeckEntity.swift in Sources */ = {isa = PBXBuildFile; fileRef = ABD8EE62BED3535F866F5F43 /* DeckEntity.swift */; };
		96F2B0B1239C69AD2B52AD75 /* EntitlementKey.swift in Sources */ = {isa = PBXBuildFile; fileRef = BD1F88FBAA3DD311B27072C7 /* EntitlementKey.swift */; };
		97BB3DE8DA72E45A9CF0DD8F /* test_MWTextField.1.png in Resources */ = {isa = PBXBuildFile; fileRef = 490ECA2DC834EBB5DCEAFD89 /* test_MWTextField.1.png */; };
		9A2A72FFFD9D5F254FCB992C /* SessionSummaryView.swift in Sources */ = {isa = PBXBuildFile; fileRef = 6183B660BA0EF2BA4D04EC6B /* SessionSummaryView.swift */; };
		9CCEE286FE8DD0B56734C011 /* PaywallView.swift in Sources */ = {isa = PBXBuildFile; fileRef = E8905531D265A8ED78C0EA5A /* PaywallView.swift */; };
		A200308DB65D7AC28BF3AB87 /* Motion.swift in Sources */ = {isa = PBXBuildFile; fileRef = 300F3D467E2E539FF66D566E /* Motion.swift */; };
		A72996DA8E1FF8E4F7D5CCC1 /* SyncPullerTests.swift in Sources */ = {isa = PBXBuildFile; fileRef = 3C1769328EFBFFB86212C962 /* SyncPullerTests.swift */; };
		A732FD46039CA285EC45CB06 /* DesignSystemSnapshotTests.swift in Sources */ = {isa = PBXBuildFile; fileRef = B08B320524436C5B4CCC4CD9 /* DesignSystemSnapshotTests.swift */; };
		AF3BFB36C7F1217E4491C3D9 /* DeckDetailViewModel.swift in Sources */ = {isa = PBXBuildFile; fileRef = E7F32B7393E6D76DD2E8D5EC /* DeckDetailViewModel.swift */; };
		B07BDB6723F8E46E17DC40E8 /* ReminderScheduler.swift in Sources */ = {isa = PBXBuildFile; fileRef = 48057B503BCD39E3AAFBC4C4 /* ReminderScheduler.swift */; };
		B2C77177B66F7A679762D200 /* CreateCardView.swift in Sources */ = {isa = PBXBuildFile; fileRef = 73399284F3ED1C2018079C5E /* CreateCardView.swift */; };
		B632620852D90304CF7F1510 /* MagicLinkConsumerTests.swift in Sources */ = {isa = PBXBuildFile; fileRef = 359B4E74E5113D4D8EE1518E /* MagicLinkConsumerTests.swift */; };
		BA4E03F328232716EE9E3F5E /* SwiftFSRS in Frameworks */ = {isa = PBXBuildFile; productRef = BF1B96FCCAF511A81AA62687 /* SwiftFSRS */; };
		BBA5F5C696CCD8CDA1AD10CC /* EntitlementsManagerTests.swift in Sources */ = {isa = PBXBuildFile; fileRef = CFC4F9381A82C4B62F86C795 /* EntitlementsManagerTests.swift */; };
		BBFBE898C41CC4D089E2D26E /* FlashcardsUITests.swift in Sources */ = {isa = PBXBuildFile; fileRef = 3E40CD64F095A8BA4D1644DE /* FlashcardsUITests.swift */; };
		BD6E4074804C14D3084EE95B /* MWStackedDeckPaper.swift in Sources */ = {isa = PBXBuildFile; fileRef = 024DB898250E2F1003715C3C /* MWStackedDeckPaper.swift */; };
		BF6E5E742067C24663EC7FBF /* StudySettingsView.swift in Sources */ = {isa = PBXBuildFile; fileRef = 79B550692961538D7032191A /* StudySettingsView.swift */; };
		C075985FF8E7C236A6FD49BD /* TopicEntity.swift in Sources */ = {isa = PBXBuildFile; fileRef = FEE99548D88A1905842DAF9C /* TopicEntity.swift */; };
		C155DBC0A9054986EC3BC984 /* FlashcardsTests.swift in Sources */ = {isa = PBXBuildFile; fileRef = DD49C9447BB17F91C561040F /* FlashcardsTests.swift */; };
		C1AF58DAA850D137B77B139B /* APIError.swift in Sources */ = {isa = PBXBuildFile; fileRef = 7D954BBA4FC4F58D5450E56B /* APIError.swift */; };
		C421DF46E9C54D719DEBB3B7 /* DeckDetailView.swift in Sources */ = {isa = PBXBuildFile; fileRef = 32A13A898D5B48D77F9F05C2 /* DeckDetailView.swift */; };
		C45A1DA5C023840AC121EC36 /* APIClient.swift in Sources */ = {isa = PBXBuildFile; fileRef = 53FF0E03041A7DF5873A4E23 /* APIClient.swift */; };
		C8FE81070F62C04D06B24CD7 /* MWChip.swift in Sources */ = {isa = PBXBuildFile; fileRef = FDEE3ED2340A6253A42ACEC2 /* MWChip.swift */; };
		C9D10B114F52606849C96E01 /* MWPrimaryButtonStyle.swift in Sources */ = {isa = PBXBuildFile; fileRef = 9D49E4AA2AE135563BBDA46A /* MWPrimaryButtonStyle.swift */; };
		CA93D0C2C6A1FCA99BFB20E7 /* DeviceTokenRegistrar.swift in Sources */ = {isa = PBXBuildFile; fileRef = AD776F7C7EB68ECAB3A18B61 /* DeviceTokenRegistrar.swift */; };
		D2238FB3E7F73EA8ABE487FF /* SessionRootView.swift in Sources */ = {isa = PBXBuildFile; fileRef = 5A69E4E67F72D477C40C2337 /* SessionRootView.swift */; };
		D3741E0B6CE09CF567AB2656 /* ManageSubTopicsView.swift in Sources */ = {isa = PBXBuildFile; fileRef = C0CEEC2AAF9781CEE487D44D /* ManageSubTopicsView.swift */; };
		D6716D000299EB9DA4283B57 /* Typography.swift in Sources */ = {isa = PBXBuildFile; fileRef = A6D19E2DA08AE57F2E891450 /* Typography.swift */; };
		D877F137C522A81E1C671DF5 /* SessionEngine.swift in Sources */ = {isa = PBXBuildFile; fileRef = F65F3B472528E2553505E0D1 /* SessionEngine.swift */; };
		D8DB67DD30007FBA6A0F6258 /* SnapshotTesting in Frameworks */ = {isa = PBXBuildFile; productRef = E27D9141CA237CB70AE1FF5D /* SnapshotTesting */; };
		D9DD838304ED3D163450007C /* Radii.swift in Sources */ = {isa = PBXBuildFile; fileRef = BB0EDBD405DDBA367BDF1503 /* Radii.swift */; };
		DAE0C65683ECEC96BF42F1D0 /* OfflineSmartStudyUITests.swift in Sources */ = {isa = PBXBuildFile; fileRef = 31DC23A33966998B158F53FC /* OfflineSmartStudyUITests.swift */; };
		DB5FF970853FBEA9BDD52520 /* AboutView.swift in Sources */ = {isa = PBXBuildFile; fileRef = 6458ABF8BAFFB8529E097482 /* AboutView.swift */; };
		DF68FC3FC3330E8A257D5B34 /* RootView.swift in Sources */ = {isa = PBXBuildFile; fileRef = CF7468B7B18BF5DB2D3E671D /* RootView.swift */; };
		DF78AF2CB379E2F3B0454759 /* CreateDeckView.swift in Sources */ = {isa = PBXBuildFile; fileRef = A831DE38DA66BB1648C9EAA0 /* CreateDeckView.swift */; };
		E086CE937F972443F1E2A40D /* AuthManager.swift in Sources */ = {isa = PBXBuildFile; fileRef = C4046CD24470CE2356BFFCF4 /* AuthManager.swift */; };
		E3285325AD1DBFBA14A0C225 /* test_MWCard.1.png in Resources */ = {isa = PBXBuildFile; fileRef = F040D73BB3A94134B162AE1B /* test_MWCard.1.png */; };
		E4E6973A11C056D294601697 /* Colors.swift in Sources */ = {isa = PBXBuildFile; fileRef = E8601E71EC6CC580329D9D3A /* Colors.swift */; };
		E7648228F66E1B871F8CACDE /* ColorsTokenTests.swift in Sources */ = {isa = PBXBuildFile; fileRef = D75AEF6EC4869BDEED745175 /* ColorsTokenTests.swift */; };
		EAF6EBF27A4ABC187CA6F186 /* KeychainAccess in Frameworks */ = {isa = PBXBuildFile; productRef = 9A85F47B4666B3448616D1FF /* KeychainAccess */; };
		EF428B202F59CAA1E3BC23CA /* TopicRepository.swift in Sources */ = {isa = PBXBuildFile; fileRef = CDD562A9D83B019069E4132A /* TopicRepository.swift */; };
		F03144EE96CEA0A0C37E3256 /* MWEyebrow.swift in Sources */ = {isa = PBXBuildFile; fileRef = 0A2046EA17B9CF3B81354EBB /* MWEyebrow.swift */; };
		F1642B745813ABE669A91B85 /* MWCard.swift in Sources */ = {isa = PBXBuildFile; fileRef = 5666B85823F4898EAB769C5A /* MWCard.swift */; };
		F169AD878724E333007A4999 /* MWScreenChrome.swift in Sources */ = {isa = PBXBuildFile; fileRef = B164C49CB882DD2A86A4F46E /* MWScreenChrome.swift */; };
		F25E11BD413D3218216BB972 /* Borders.swift in Sources */ = {isa = PBXBuildFile; fileRef = 4233F9E69A788D61C2D472C0 /* Borders.swift */; };
		F39183B68ECCDEBD3578668B /* SyncPusher.swift in Sources */ = {isa = PBXBuildFile; fileRef = D3430FF6B912BDF871884B14 /* SyncPusher.swift */; };
		F5202C28945C431FAF54FBC5 /* AppState.swift in Sources */ = {isa = PBXBuildFile; fileRef = CD59D377B2406AE1BC80E481 /* AppState.swift */; };
		F7390A7F8147B1AB44D835A5 /* Icons.swift in Sources */ = {isa = PBXBuildFile; fileRef = 2F0BFB01BB23514E89CBAEC7 /* Icons.swift */; };
		FA19E35DDF7DCC4C3EA7E313 /* test_MWButton_primary_idle.1.png in Resources */ = {isa = PBXBuildFile; fileRef = 345D340AF68F033F6EE939F4 /* test_MWButton_primary_idle.1.png */; };
		FACD84614B6294BA7BD90515 /* AppearanceSettingsView.swift in Sources */ = {isa = PBXBuildFile; fileRef = A968DA2C0D1C065832FED33C /* AppearanceSettingsView.swift */; };
		FDF1E30B9389B8590813789B /* MWProgressBar.swift in Sources */ = {isa = PBXBuildFile; fileRef = 8FE7C8DABC4C17BDAD170ED4 /* MWProgressBar.swift */; };
		FF3E7BF78806CC52E924FE69 /* MutationQueueTests.swift in Sources */ = {isa = PBXBuildFile; fileRef = F8BD4C5AD2B7B6777590445B /* MutationQueueTests.swift */; };
/* End PBXBuildFile section */

/* Begin PBXContainerItemProxy section */
		519AD522035648B051AA9DD0 /* PBXContainerItemProxy */ = {
			isa = PBXContainerItemProxy;
			containerPortal = 99F96BF0A775FB829E9E9FEA /* Project object */;
			proxyType = 1;
			remoteGlobalIDString = E421F640D87B168CAD5CE1D7;
			remoteInfo = MWReminderContent;
		};
		7DAB8A8DC8F95045F32724BD /* PBXContainerItemProxy */ = {
			isa = PBXContainerItemProxy;
			containerPortal = 99F96BF0A775FB829E9E9FEA /* Project object */;
			proxyType = 1;
			remoteGlobalIDString = 2CC6795DD59D1A2501280D40;
			remoteInfo = Flashcards;
		};
		FB28BD3F717F6EE49EC0316D /* PBXContainerItemProxy */ = {
			isa = PBXContainerItemProxy;
			containerPortal = 99F96BF0A775FB829E9E9FEA /* Project object */;
			proxyType = 1;
			remoteGlobalIDString = 2CC6795DD59D1A2501280D40;
			remoteInfo = Flashcards;
		};
/* End PBXContainerItemProxy section */

/* Begin PBXCopyFilesBuildPhase section */
		95140BC165DA302361C3FD00 /* Embed Foundation Extensions */ = {
			isa = PBXCopyFilesBuildPhase;
			buildActionMask = 2147483647;
			dstPath = "";
			dstSubfolderSpec = 13;
			files = (
				09641B8D5F3C677F4BEF3149 /* MWReminderContent.appex in Embed Foundation Extensions */,
			);
			name = "Embed Foundation Extensions";
			runOnlyForDeploymentPostprocessing = 0;
		};
/* End PBXCopyFilesBuildPhase section */

/* Begin PBXFileReference section */
		024DB898250E2F1003715C3C /* MWStackedDeckPaper.swift */ = {isa = PBXFileReference; lastKnownFileType = sourcecode.swift; path = MWStackedDeckPaper.swift; sourceTree = "<group>"; };
		026338AE29FD796E495EB78B /* Intro1View.swift */ = {isa = PBXFileReference; lastKnownFileType = sourcecode.swift; path = Intro1View.swift; sourceTree = "<group>"; };
		033AC2926EB4D961C4C424DC /* CardEntity.swift */ = {isa = PBXFileReference; lastKnownFileType = sourcecode.swift; path = CardEntity.swift; sourceTree = "<group>"; };
		070938971B6DA36EDC8B8668 /* Flashcards.app */ = {isa = PBXFileReference; includeInIndex = 0; lastKnownFileType = wrapper.application; path = Flashcards.app; sourceTree = BUILT_PRODUCTS_DIR; };
		080906C8209BFFC0A09C6D70 /* MWSwitch.swift */ = {isa = PBXFileReference; lastKnownFileType = sourcecode.swift; path = MWSwitch.swift; sourceTree = "<group>"; };
		088B7E1F4FEA8DB8F1829EC2 /* MWDivider.swift */ = {isa = PBXFileReference; lastKnownFileType = sourcecode.swift; path = MWDivider.swift; sourceTree = "<group>"; };
		0A2046EA17B9CF3B81354EBB /* MWEyebrow.swift */ = {isa = PBXFileReference; lastKnownFileType = sourcecode.swift; path = MWEyebrow.swift; sourceTree = "<group>"; };
		0D5E661B31CAD40E670B867A /* FlashcardsTests.xctest */ = {isa = PBXFileReference; includeInIndex = 0; lastKnownFileType = wrapper.cfbundle; path = FlashcardsTests.xctest; sourceTree = BUILT_PRODUCTS_DIR; };
		0DED8C932C8C55A94E71D0C0 /* AnalyticsClient.swift */ = {isa = PBXFileReference; lastKnownFileType = sourcecode.swift; path = AnalyticsClient.swift; sourceTree = "<group>"; };
		0F4549AF5E4A8FF1B8BBBF31 /* SyncIntegrationTests.swift */ = {isa = PBXFileReference; lastKnownFileType = sourcecode.swift; path = SyncIntegrationTests.swift; sourceTree = "<group>"; };
		10AF568BF32CAB05DD5ED053 /* CardSubTopicEntity.swift */ = {isa = PBXFileReference; lastKnownFileType = sourcecode.swift; path = CardSubTopicEntity.swift; sourceTree = "<group>"; };
		131236E5F791B958F6E5BDEA /* SplashView.swift */ = {isa = PBXFileReference; lastKnownFileType = sourcecode.swift; path = SplashView.swift; sourceTree = "<group>"; };
		18AB5D090D947683FAD37D71 /* NotificationViewController.swift */ = {isa = PBXFileReference; lastKnownFileType = sourcecode.swift; path = NotificationViewController.swift; sourceTree = "<group>"; };
		1A2F6309A56C16DB54F4E208 /* MWDestructiveButtonStyle.swift */ = {isa = PBXFileReference; lastKnownFileType = sourcecode.swift; path = MWDestructiveButtonStyle.swift; sourceTree = "<group>"; };
		215707E42657BB52122090F1 /* DueCountPublisher.swift */ = {isa = PBXFileReference; lastKnownFileType = sourcecode.swift; path = DueCountPublisher.swift; sourceTree = "<group>"; };
		256DB2415229AA61623D381B /* UITestLaunch.swift */ = {isa = PBXFileReference; lastKnownFileType = sourcecode.swift; path = UITestLaunch.swift; sourceTree = "<group>"; };
		260DE1302BED01867EB042A4 /* CardEditView.swift */ = {isa = PBXFileReference; lastKnownFileType = sourcecode.swift; path = CardEditView.swift; sourceTree = "<group>"; };
		265F581C55D868A8B31A0ACE /* SmartStudyView.swift */ = {isa = PBXFileReference; lastKnownFileType = sourcecode.swift; path = SmartStudyView.swift; sourceTree = "<group>"; };
		28278995FCCF84EB0A23F25E /* ReviewEntity.swift */ = {isa = PBXFileReference; lastKnownFileType = sourcecode.swift; path = ReviewEntity.swift; sourceTree = "<group>"; };
		2F0BFB01BB23514E89CBAEC7 /* Icons.swift */ = {isa = PBXFileReference; lastKnownFileType = sourcecode.swift; path = Icons.swift; sourceTree = "<group>"; };
		300F3D467E2E539FF66D566E /* Motion.swift */ = {isa = PBXFileReference; lastKnownFileType = sourcecode.swift; path = Motion.swift; sourceTree = "<group>"; };
		31DC23A33966998B158F53FC /* OfflineSmartStudyUITests.swift */ = {isa = PBXFileReference; lastKnownFileType = sourcecode.swift; path = OfflineSmartStudyUITests.swift; sourceTree = "<group>"; };
		32A13A898D5B48D77F9F05C2 /* DeckDetailView.swift */ = {isa = PBXFileReference; lastKnownFileType = sourcecode.swift; path = DeckDetailView.swift; sourceTree = "<group>"; };
		32FC48EE569534CBA573C1C8 /* MWSection.swift */ = {isa = PBXFileReference; lastKnownFileType = sourcecode.swift; path = MWSection.swift; sourceTree = "<group>"; };
		345D340AF68F033F6EE939F4 /* test_MWButton_primary_idle.1.png */ = {isa = PBXFileReference; lastKnownFileType = image.png; path = test_MWButton_primary_idle.1.png; sourceTree = "<group>"; };
		359B4E74E5113D4D8EE1518E /* MagicLinkConsumerTests.swift */ = {isa = PBXFileReference; lastKnownFileType = sourcecode.swift; path = MagicLinkConsumerTests.swift; sourceTree = "<group>"; };
		3C1769328EFBFFB86212C962 /* SyncPullerTests.swift */ = {isa = PBXFileReference; lastKnownFileType = sourcecode.swift; path = SyncPullerTests.swift; sourceTree = "<group>"; };
		3C2EEF58ABB8E128D7C31244 /* MagicLinkConsumer.swift */ = {isa = PBXFileReference; lastKnownFileType = sourcecode.swift; path = MagicLinkConsumer.swift; sourceTree = "<group>"; };
		3E40CD64F095A8BA4D1644DE /* FlashcardsUITests.swift */ = {isa = PBXFileReference; lastKnownFileType = sourcecode.swift; path = FlashcardsUITests.swift; sourceTree = "<group>"; };
		40590CEF9514F130D9EB7101 /* Assets.xcassets */ = {isa = PBXFileReference; lastKnownFileType = folder.assetcatalog; path = Assets.xcassets; sourceTree = "<group>"; };
		4233F9E69A788D61C2D472C0 /* Borders.swift */ = {isa = PBXFileReference; lastKnownFileType = sourcecode.swift; path = Borders.swift; sourceTree = "<group>"; };
		45807D51F144F68F37E66550 /* HomeViewModel.swift */ = {isa = PBXFileReference; lastKnownFileType = sourcecode.swift; path = HomeViewModel.swift; sourceTree = "<group>"; };
		47C26893A62EE8644CF55B3A /* PlansCache.swift */ = {isa = PBXFileReference; lastKnownFileType = sourcecode.swift; path = PlansCache.swift; sourceTree = "<group>"; };
		48057B503BCD39E3AAFBC4C4 /* ReminderScheduler.swift */ = {isa = PBXFileReference; lastKnownFileType = sourcecode.swift; path = ReminderScheduler.swift; sourceTree = "<group>"; };
		48B6A37BC87F9636592B2299 /* HomeView.swift */ = {isa = PBXFileReference; lastKnownFileType = sourcecode.swift; path = HomeView.swift; sourceTree = "<group>"; };
		490ECA2DC834EBB5DCEAFD89 /* test_MWTextField.1.png */ = {isa = PBXFileReference; lastKnownFileType = image.png; path = test_MWTextField.1.png; sourceTree = "<group>"; };
		4AB8DD260175A68C1CA1FCEA /* MWPill.swift */ = {isa = PBXFileReference; lastKnownFileType = sourcecode.swift; path = MWPill.swift; sourceTree = "<group>"; };
		4BC1DA0E68DA712D4F980330 /* MWFormRow.swift */ = {isa = PBXFileReference; lastKnownFileType = sourcecode.swift; path = MWFormRow.swift; sourceTree = "<group>"; };
		4EE79E0CDC597ADAB502C8C9 /* SubTopicEntity.swift */ = {isa = PBXFileReference; lastKnownFileType = sourcecode.swift; path = SubTopicEntity.swift; sourceTree = "<group>"; };
		5306AD88927E73E1EE08534B /* MWDeckCard.swift */ = {isa = PBXFileReference; lastKnownFileType = sourcecode.swift; path = MWDeckCard.swift; sourceTree = "<group>"; };
		53FF0E03041A7DF5873A4E23 /* APIClient.swift */ = {isa = PBXFileReference; lastKnownFileType = sourcecode.swift; path = APIClient.swift; sourceTree = "<group>"; };
		5666B85823F4898EAB769C5A /* MWCard.swift */ = {isa = PBXFileReference; lastKnownFileType = sourcecode.swift; path = MWCard.swift; sourceTree = "<group>"; };
		57D2CD70838F57E5188414E9 /* Info.plist */ = {isa = PBXFileReference; lastKnownFileType = text.plist; path = Info.plist; sourceTree = "<group>"; };
		5A69E4E67F72D477C40C2337 /* SessionRootView.swift */ = {isa = PBXFileReference; lastKnownFileType = sourcecode.swift; path = SessionRootView.swift; sourceTree = "<group>"; };
		5B8AEA2735B8301C16FE04DA /* MWIcon.swift */ = {isa = PBXFileReference; lastKnownFileType = sourcecode.swift; path = MWIcon.swift; sourceTree = "<group>"; };
		5C541DE92720101FECDDBFDF /* MutationQueue.swift */ = {isa = PBXFileReference; lastKnownFileType = sourcecode.swift; path = MutationQueue.swift; sourceTree = "<group>"; };
		5E1E904C0BB96CFDF0B549B4 /* Control.swift */ = {isa = PBXFileReference; lastKnownFileType = sourcecode.swift; path = Control.swift; sourceTree = "<group>"; };
		6183B660BA0EF2BA4D04EC6B /* SessionSummaryView.swift */ = {isa = PBXFileReference; lastKnownFileType = sourcecode.swift; path = SessionSummaryView.swift; sourceTree = "<group>"; };
		6458ABF8BAFFB8529E097482 /* AboutView.swift */ = {isa = PBXFileReference; lastKnownFileType = sourcecode.swift; path = AboutView.swift; sourceTree = "<group>"; };
		6944DDE653DA2FDC75F8FA1B /* Reachability.swift */ = {isa = PBXFileReference; lastKnownFileType = sourcecode.swift; path = Reachability.swift; sourceTree = "<group>"; };
		6948B9994028011FBBA79AAC /* HistoryTabView.swift */ = {isa = PBXFileReference; lastKnownFileType = sourcecode.swift; path = HistoryTabView.swift; sourceTree = "<group>"; };
		69FC6B253B1E1DE3A8740B95 /* UUIDv7.swift */ = {isa = PBXFileReference; lastKnownFileType = sourcecode.swift; path = UUIDv7.swift; sourceTree = "<group>"; };
		73399284F3ED1C2018079C5E /* CreateCardView.swift */ = {isa = PBXFileReference; lastKnownFileType = sourcecode.swift; path = CreateCardView.swift; sourceTree = "<group>"; };
		76798B4897CAC276448E489B /* MWButtonPress.swift */ = {isa = PBXFileReference; lastKnownFileType = sourcecode.swift; path = MWButtonPress.swift; sourceTree = "<group>"; };
		7877A917EF68E9D82DE4ED2E /* test_MWButton_primary_dark.dark.png */ = {isa = PBXFileReference; lastKnownFileType = image.png; path = test_MWButton_primary_dark.dark.png; sourceTree = "<group>"; };
		79B550692961538D7032191A /* StudySettingsView.swift */ = {isa = PBXFileReference; lastKnownFileType = sourcecode.swift; path = StudySettingsView.swift; sourceTree = "<group>"; };
		7A16BDB6D28578249699970F /* MWSecondaryButtonStyle.swift */ = {isa = PBXFileReference; lastKnownFileType = sourcecode.swift; path = MWSecondaryButtonStyle.swift; sourceTree = "<group>"; };
		7A675AF8DB65EE2904C44D0B /* SyncScheduler.swift */ = {isa = PBXFileReference; lastKnownFileType = sourcecode.swift; path = SyncScheduler.swift; sourceTree = "<group>"; };
		7C21C770B2B3AF3347CF2284 /* MWButton.swift */ = {isa = PBXFileReference; lastKnownFileType = sourcecode.swift; path = MWButton.swift; sourceTree = "<group>"; };
		7D954BBA4FC4F58D5450E56B /* APIError.swift */ = {isa = PBXFileReference; lastKnownFileType = sourcecode.swift; path = APIError.swift; sourceTree = "<group>"; };
		829365D41AABE8389B3A7FDC /* MWRatingButton.swift */ = {isa = PBXFileReference; lastKnownFileType = sourcecode.swift; path = MWRatingButton.swift; sourceTree = "<group>"; };
		8355F6FE220725A6DAD560B3 /* MWDuePill.swift */ = {isa = PBXFileReference; lastKnownFileType = sourcecode.swift; path = MWDuePill.swift; sourceTree = "<group>"; };
		898ED96388E1C5A38EB3EC56 /* FlashcardsApp.swift */ = {isa = PBXFileReference; lastKnownFileType = sourcecode.swift; path = FlashcardsApp.swift; sourceTree = "<group>"; };
		8C087021FFDD8C1E5DDAA809 /* CardRepository.swift */ = {isa = PBXFileReference; lastKnownFileType = sourcecode.swift; path = CardRepository.swift; sourceTree = "<group>"; };
		8FDD1D115541E030F53F11A8 /* UserEntity.swift */ = {isa = PBXFileReference; lastKnownFileType = sourcecode.swift; path = UserEntity.swift; sourceTree = "<group>"; };
		8FE7C8DABC4C17BDAD170ED4 /* MWProgressBar.swift */ = {isa = PBXFileReference; lastKnownFileType = sourcecode.swift; path = MWProgressBar.swift; sourceTree = "<group>"; };
		94ECD351B727AA8F6A2FB1F5 /* AccountSettingsView.swift */ = {isa = PBXFileReference; lastKnownFileType = sourcecode.swift; path = AccountSettingsView.swift; sourceTree = "<group>"; };
		954ADF49C1C6177C87B965F4 /* PurchasesManager.swift */ = {isa = PBXFileReference; lastKnownFileType = sourcecode.swift; path = PurchasesManager.swift; sourceTree = "<group>"; };
		97807773209CB638A7C3856A /* CardsTabView.swift */ = {isa = PBXFileReference; lastKnownFileType = sourcecode.swift; path = CardsTabView.swift; sourceTree = "<group>"; };
		9B3925292F9A0F8A65D5ADA9 /* MWAccentKey.swift */ = {isa = PBXFileReference; lastKnownFileType = sourcecode.swift; path = MWAccentKey.swift; sourceTree = "<group>"; };
		9D49E4AA2AE135563BBDA46A /* MWPrimaryButtonStyle.swift */ = {isa = PBXFileReference; lastKnownFileType = sourcecode.swift; path = MWPrimaryButtonStyle.swift; sourceTree = "<group>"; };
		9FF2A62213E52FA682809B1B /* RatingMapping.swift */ = {isa = PBXFileReference; lastKnownFileType = sourcecode.swift; path = RatingMapping.swift; sourceTree = "<group>"; };
		A48C55A0C36640F3F80A4346 /* SessionQueueBuilderTests.swift */ = {isa = PBXFileReference; lastKnownFileType = sourcecode.swift; path = SessionQueueBuilderTests.swift; sourceTree = "<group>"; };
		A5230E893284E35730064E5E /* MWTextArea.swift */ = {isa = PBXFileReference; lastKnownFileType = sourcecode.swift; path = MWTextArea.swift; sourceTree = "<group>"; };
		A52B0821B604B4E6D1211664 /* SearchView.swift */ = {isa = PBXFileReference; lastKnownFileType = sourcecode.swift; path = SearchView.swift; sourceTree = "<group>"; };
		A5F169ED41028FBDB6544FD3 /* SettingsRootView.swift */ = {isa = PBXFileReference; lastKnownFileType = sourcecode.swift; path = SettingsRootView.swift; sourceTree = "<group>"; };
		A6D19E2DA08AE57F2E891450 /* Typography.swift */ = {isa = PBXFileReference; lastKnownFileType = sourcecode.swift; path = Typography.swift; sourceTree = "<group>"; };
		A831DE38DA66BB1648C9EAA0 /* CreateDeckView.swift */ = {isa = PBXFileReference; lastKnownFileType = sourcecode.swift; path = CreateDeckView.swift; sourceTree = "<group>"; };
		A8D03B0AD8048DEC4380CC6F /* MWEmptyState.swift */ = {isa = PBXFileReference; lastKnownFileType = sourcecode.swift; path = MWEmptyState.swift; sourceTree = "<group>"; };
		A968DA2C0D1C065832FED33C /* AppearanceSettingsView.swift */ = {isa = PBXFileReference; lastKnownFileType = sourcecode.swift; path = AppearanceSettingsView.swift; sourceTree = "<group>"; };
		ABD8EE62BED3535F866F5F43 /* DeckEntity.swift */ = {isa = PBXFileReference; lastKnownFileType = sourcecode.swift; path = DeckEntity.swift; sourceTree = "<group>"; };
		AC88DBBFD5579BED38C6C052 /* Clock.swift */ = {isa = PBXFileReference; lastKnownFileType = sourcecode.swift; path = Clock.swift; sourceTree = "<group>"; };
		AD776F7C7EB68ECAB3A18B61 /* DeviceTokenRegistrar.swift */ = {isa = PBXFileReference; lastKnownFileType = sourcecode.swift; path = DeviceTokenRegistrar.swift; sourceTree = "<group>"; };
		B08B320524436C5B4CCC4CD9 /* DesignSystemSnapshotTests.swift */ = {isa = PBXFileReference; lastKnownFileType = sourcecode.swift; path = DesignSystemSnapshotTests.swift; sourceTree = "<group>"; };
		B164C49CB882DD2A86A4F46E /* MWScreenChrome.swift */ = {isa = PBXFileReference; lastKnownFileType = sourcecode.swift; path = MWScreenChrome.swift; sourceTree = "<group>"; };
		B69BE1712FF228283528309B /* SessionQueueBuilder.swift */ = {isa = PBXFileReference; lastKnownFileType = sourcecode.swift; path = SessionQueueBuilder.swift; sourceTree = "<group>"; };
		B82C4A4AA1D82A8B89FB92E8 /* PendingMutationEntity.swift */ = {isa = PBXFileReference; lastKnownFileType = sourcecode.swift; path = PendingMutationEntity.swift; sourceTree = "<group>"; };
		BB0EDBD405DDBA367BDF1503 /* Radii.swift */ = {isa = PBXFileReference; lastKnownFileType = sourcecode.swift; path = Radii.swift; sourceTree = "<group>"; };
		BC536E373440811930D08772 /* StreakMonitor.swift */ = {isa = PBXFileReference; lastKnownFileType = sourcecode.swift; path = StreakMonitor.swift; sourceTree = "<group>"; };
		BD1F88FBAA3DD311B27072C7 /* EntitlementKey.swift */ = {isa = PBXFileReference; lastKnownFileType = sourcecode.swift; path = EntitlementKey.swift; sourceTree = "<group>"; };
		BE6E7C25A8A429F6EAF79073 /* MWScreen.swift */ = {isa = PBXFileReference; lastKnownFileType = sourcecode.swift; path = MWScreen.swift; sourceTree = "<group>"; };
		BFDA16CADF647B3B6848CB1A /* MWTopBar.swift */ = {isa = PBXFileReference; lastKnownFileType = sourcecode.swift; path = MWTopBar.swift; sourceTree = "<group>"; };
		C0779B8D6E61E0FA843454D6 /* APIEndpoint.swift */ = {isa = PBXFileReference; lastKnownFileType = sourcecode.swift; path = APIEndpoint.swift; sourceTree = "<group>"; };
		C0CEEC2AAF9781CEE487D44D /* ManageSubTopicsView.swift */ = {isa = PBXFileReference; lastKnownFileType = sourcecode.swift; path = ManageSubTopicsView.swift; sourceTree = "<group>"; };
		C4046CD24470CE2356BFFCF4 /* AuthManager.swift */ = {isa = PBXFileReference; lastKnownFileType = sourcecode.swift; path = AuthManager.swift; sourceTree = "<group>"; };
		C7A12C1B6BE8A6235B115D87 /* AppleSignInService.swift */ = {isa = PBXFileReference; lastKnownFileType = sourcecode.swift; path = AppleSignInService.swift; sourceTree = "<group>"; };
		C8E104C4B0517745446B1DD7 /* CardFormModel.swift */ = {isa = PBXFileReference; lastKnownFileType = sourcecode.swift; path = CardFormModel.swift; sourceTree = "<group>"; };
		C8FEC5FD8EDE153F9070FF76 /* MWReminderContent.appex */ = {isa = PBXFileReference; includeInIndex = 0; lastKnownFileType = "wrapper.app-extension"; path = MWReminderContent.appex; sourceTree = BUILT_PRODUCTS_DIR; };
		CB15FDE0C8DC4DAAAD34C765 /* ControlTokenTests.swift */ = {isa = PBXFileReference; lastKnownFileType = sourcecode.swift; path = ControlTokenTests.swift; sourceTree = "<group>"; };
		CBC69613C1B6A205B4F07A10 /* Intro2View.swift */ = {isa = PBXFileReference; lastKnownFileType = sourcecode.swift; path = Intro2View.swift; sourceTree = "<group>"; };
		CC46401E4827495FB1C0CED9 /* TokenStore.swift */ = {isa = PBXFileReference; lastKnownFileType = sourcecode.swift; path = TokenStore.swift; sourceTree = "<group>"; };
		CC62BE8984796A6300F1A3A4 /* SubTopicRepository.swift */ = {isa = PBXFileReference; lastKnownFileType = sourcecode.swift; path = SubTopicRepository.swift; sourceTree = "<group>"; };
		CCF8F77B9F27EABE94CD5BDA /* SessionEntity.swift */ = {isa = PBXFileReference; lastKnownFileType = sourcecode.swift; path = SessionEntity.swift; sourceTree = "<group>"; };
		CD59D377B2406AE1BC80E481 /* AppState.swift */ = {isa = PBXFileReference; lastKnownFileType = sourcecode.swift; path = AppState.swift; sourceTree = "<group>"; };
		CDD562A9D83B019069E4132A /* TopicRepository.swift */ = {isa = PBXFileReference; lastKnownFileType = sourcecode.swift; path = TopicRepository.swift; sourceTree = "<group>"; };
		CE40CC12E5F4D662B8D653E9 /* AppStateTests.swift */ = {isa = PBXFileReference; lastKnownFileType = sourcecode.swift; path = AppStateTests.swift; sourceTree = "<group>"; };
		CF7468B7B18BF5DB2D3E671D /* RootView.swift */ = {isa = PBXFileReference; lastKnownFileType = sourcecode.swift; path = RootView.swift; sourceTree = "<group>"; };
		CFB0E68B8D3541EC7636DEFC /* MWDot.swift */ = {isa = PBXFileReference; lastKnownFileType = sourcecode.swift; path = MWDot.swift; sourceTree = "<group>"; };
		CFC4F9381A82C4B62F86C795 /* EntitlementsManagerTests.swift */ = {isa = PBXFileReference; lastKnownFileType = sourcecode.swift; path = EntitlementsManagerTests.swift; sourceTree = "<group>"; };
		D1253B9488FFE8A7299500BC /* SessionEngineTests.swift */ = {isa = PBXFileReference; lastKnownFileType = sourcecode.swift; path = SessionEngineTests.swift; sourceTree = "<group>"; };
		D2A5FCDCF59EA98B403E6950 /* BulkActionsSheet.swift */ = {isa = PBXFileReference; lastKnownFileType = sourcecode.swift; path = BulkActionsSheet.swift; sourceTree = "<group>"; };
		D3430FF6B912BDF871884B14 /* SyncPusher.swift */ = {isa = PBXFileReference; lastKnownFileType = sourcecode.swift; path = SyncPusher.swift; sourceTree = "<group>"; };
		D4A6C997AC419320FA6B3516 /* FsrsScheduler.swift */ = {isa = PBXFileReference; lastKnownFileType = sourcecode.swift; path = FsrsScheduler.swift; sourceTree = "<group>"; };
		D6F136EB56F53DE1E21EC1B6 /* SyncPusherTests.swift */ = {isa = PBXFileReference; lastKnownFileType = sourcecode.swift; path = SyncPusherTests.swift; sourceTree = "<group>"; };
		D75AEF6EC4869BDEED745175 /* ColorsTokenTests.swift */ = {isa = PBXFileReference; lastKnownFileType = sourcecode.swift; path = ColorsTokenTests.swift; sourceTree = "<group>"; };
		D8383BCF5096BCC46DE05D02 /* AssetEntity.swift */ = {isa = PBXFileReference; lastKnownFileType = sourcecode.swift; path = AssetEntity.swift; sourceTree = "<group>"; };
		DB93E089FC42F72CAC03BF53 /* MWBottomSheet.swift */ = {isa = PBXFileReference; lastKnownFileType = sourcecode.swift; path = MWBottomSheet.swift; sourceTree = "<group>"; };
		DD49C9447BB17F91C561040F /* FlashcardsTests.swift */ = {isa = PBXFileReference; lastKnownFileType = sourcecode.swift; path = FlashcardsTests.swift; sourceTree = "<group>"; };
		DDD65F929B3D4798FB10834A /* ProfileSettingsView.swift */ = {isa = PBXFileReference; lastKnownFileType = sourcecode.swift; path = ProfileSettingsView.swift; sourceTree = "<group>"; };
		E5FA45303CDA14AD66B93806 /* MWActionSheet.swift */ = {isa = PBXFileReference; lastKnownFileType = sourcecode.swift; path = MWActionSheet.swift; sourceTree = "<group>"; };
		E7BFBCFA88524780D98CE086 /* Spacing.swift */ = {isa = PBXFileReference; lastKnownFileType = sourcecode.swift; path = Spacing.swift; sourceTree = "<group>"; };
		E7D51F2962DF1E93EA9668E4 /* SignUpWallView.swift */ = {isa = PBXFileReference; lastKnownFileType = sourcecode.swift; path = SignUpWallView.swift; sourceTree = "<group>"; };
		E7F32B7393E6D76DD2E8D5EC /* DeckDetailViewModel.swift */ = {isa = PBXFileReference; lastKnownFileType = sourcecode.swift; path = DeckDetailViewModel.swift; sourceTree = "<group>"; };
		E8601E71EC6CC580329D9D3A /* Colors.swift */ = {isa = PBXFileReference; lastKnownFileType = sourcecode.swift; path = Colors.swift; sourceTree = "<group>"; };
		E8905531D265A8ED78C0EA5A /* PaywallView.swift */ = {isa = PBXFileReference; lastKnownFileType = sourcecode.swift; path = PaywallView.swift; sourceTree = "<group>"; };
		E9369A88499CFD0DA5AE6A3F /* SubscriptionSettingsView.swift */ = {isa = PBXFileReference; lastKnownFileType = sourcecode.swift; path = SubscriptionSettingsView.swift; sourceTree = "<group>"; };
		EB119C7EA6CDB08651643EC5 /* MagicLinkSentView.swift */ = {isa = PBXFileReference; lastKnownFileType = sourcecode.swift; path = MagicLinkSentView.swift; sourceTree = "<group>"; };
		EB62B6A6F41C3A1E236E3C10 /* DeckRepository.swift */ = {isa = PBXFileReference; lastKnownFileType = sourcecode.swift; path = DeckRepository.swift; sourceTree = "<group>"; };
		ED2F2E000D8E52F893AB59AF /* Flashcards.entitlements */ = {isa = PBXFileReference; lastKnownFileType = text.plist.entitlements; path = Flashcards.entitlements; sourceTree = "<group>"; };
		ED9D3C2D7338126C6D12C080 /* SyncManager.swift */ = {isa = PBXFileReference; lastKnownFileType = sourcecode.swift; path = SyncManager.swift; sourceTree = "<group>"; };
		EF1D480537F787B33D90D3D7 /* Shadows.swift */ = {isa = PBXFileReference; lastKnownFileType = sourcecode.swift; path = Shadows.swift; sourceTree = "<group>"; };
		EF55A0D140D20340B0E0212A /* BasicStudyView.swift */ = {isa = PBXFileReference; lastKnownFileType = sourcecode.swift; path = BasicStudyView.swift; sourceTree = "<group>"; };
		EF568EFFD771971970B8D385 /* SyncableRecord.swift */ = {isa = PBXFileReference; lastKnownFileType = sourcecode.swift; path = SyncableRecord.swift; sourceTree = "<group>"; };
		EF7550BE1456411229916E6E /* SyncPuller.swift */ = {isa = PBXFileReference; lastKnownFileType = sourcecode.swift; path = SyncPuller.swift; sourceTree = "<group>"; };
		EFF043754AAE8FDE9D141085 /* MWCardTile.swift */ = {isa = PBXFileReference; lastKnownFileType = sourcecode.swift; path = MWCardTile.swift; sourceTree = "<group>"; };
		F040D73BB3A94134B162AE1B /* test_MWCard.1.png */ = {isa = PBXFileReference; lastKnownFileType = image.png; path = test_MWCard.1.png; sourceTree = "<group>"; };
		F2AB305B3F7E1933D1A125DE /* FsrsSchedulerTests.swift */ = {isa = PBXFileReference; lastKnownFileType = sourcecode.swift; path = FsrsSchedulerTests.swift; sourceTree = "<group>"; };
		F51C22E78FEFE48AC04F4832 /* EntitlementsManager.swift */ = {isa = PBXFileReference; lastKnownFileType = sourcecode.swift; path = EntitlementsManager.swift; sourceTree = "<group>"; };
		F5CDDABFB08660589DAC7564 /* APIClientTests.swift */ = {isa = PBXFileReference; lastKnownFileType = sourcecode.swift; path = APIClientTests.swift; sourceTree = "<group>"; };
		F65F3B472528E2553505E0D1 /* SessionEngine.swift */ = {isa = PBXFileReference; lastKnownFileType = sourcecode.swift; path = SessionEngine.swift; sourceTree = "<group>"; };
		F760E860CA556E45A8229982 /* FlashcardsUITests.xctest */ = {isa = PBXFileReference; includeInIndex = 0; lastKnownFileType = wrapper.cfbundle; path = FlashcardsUITests.xctest; sourceTree = BUILT_PRODUCTS_DIR; };
		F8B70FE48D59D1CA437A2D14 /* NotificationManager.swift */ = {isa = PBXFileReference; lastKnownFileType = sourcecode.swift; path = NotificationManager.swift; sourceTree = "<group>"; };
		F8BD4C5AD2B7B6777590445B /* MutationQueueTests.swift */ = {isa = PBXFileReference; lastKnownFileType = sourcecode.swift; path = MutationQueueTests.swift; sourceTree = "<group>"; };
		FA292D13A4FD4DFA9AAE6053 /* MWTextField.swift */ = {isa = PBXFileReference; lastKnownFileType = sourcecode.swift; path = MWTextField.swift; sourceTree = "<group>"; };
		FDEE3ED2340A6253A42ACEC2 /* MWChip.swift */ = {isa = PBXFileReference; lastKnownFileType = sourcecode.swift; path = MWChip.swift; sourceTree = "<group>"; };
		FEE99548D88A1905842DAF9C /* TopicEntity.swift */ = {isa = PBXFileReference; lastKnownFileType = sourcecode.swift; path = TopicEntity.swift; sourceTree = "<group>"; };
/* End PBXFileReference section */

/* Begin PBXFrameworksBuildPhase section */
		70CBEE8B89D3ED886F2E8BCE /* Frameworks */ = {
			isa = PBXFrameworksBuildPhase;
			buildActionMask = 2147483647;
			files = (
				D8DB67DD30007FBA6A0F6258 /* SnapshotTesting in Frameworks */,
			);
			runOnlyForDeploymentPostprocessing = 0;
		};
		9190A102B33B13994342CCFF /* Frameworks */ = {
			isa = PBXFrameworksBuildPhase;
			buildActionMask = 2147483647;
			files = (
				EAF6EBF27A4ABC187CA6F186 /* KeychainAccess in Frameworks */,
				4F357D7944554375AB0165EC /* MarkdownUI in Frameworks */,
				24189012899F3CED7AB44E5E /* PostHog in Frameworks */,
				677876272A9353657D56BC78 /* Sentry in Frameworks */,
				BA4E03F328232716EE9E3F5E /* SwiftFSRS in Frameworks */,
			);
			runOnlyForDeploymentPostprocessing = 0;
		};
/* End PBXFrameworksBuildPhase section */

/* Begin PBXGroup section */
		03CDD1F90E8F1718DB43FC60 /* Generated */ = {
			isa = PBXGroup;
			children = (
				2F0BFB01BB23514E89CBAEC7 /* Icons.swift */,
			);
			path = Generated;
			sourceTree = "<group>";
		};
		05DF7C4E8846537AD6E1EEA7 /* FlashcardsTests */ = {
			isa = PBXGroup;
			children = (
				0D4AC95A19DAE805B4205B56 /* __Snapshots__ */,
				F5CDDABFB08660589DAC7564 /* APIClientTests.swift */,
				CE40CC12E5F4D662B8D653E9 /* AppStateTests.swift */,
				D75AEF6EC4869BDEED745175 /* ColorsTokenTests.swift */,
				CB15FDE0C8DC4DAAAD34C765 /* ControlTokenTests.swift */,
				B08B320524436C5B4CCC4CD9 /* DesignSystemSnapshotTests.swift */,
				CFC4F9381A82C4B62F86C795 /* EntitlementsManagerTests.swift */,
				DD49C9447BB17F91C561040F /* FlashcardsTests.swift */,
				F2AB305B3F7E1933D1A125DE /* FsrsSchedulerTests.swift */,
				359B4E74E5113D4D8EE1518E /* MagicLinkConsumerTests.swift */,
				F8BD4C5AD2B7B6777590445B /* MutationQueueTests.swift */,
				D1253B9488FFE8A7299500BC /* SessionEngineTests.swift */,
				A48C55A0C36640F3F80A4346 /* SessionQueueBuilderTests.swift */,
				0F4549AF5E4A8FF1B8BBBF31 /* SyncIntegrationTests.swift */,
				3C1769328EFBFFB86212C962 /* SyncPullerTests.swift */,
				D6F136EB56F53DE1E21EC1B6 /* SyncPusherTests.swift */,
			);
			path = FlashcardsTests;
			sourceTree = "<group>";
		};
		0845A647B3CAF3654CB82254 /* Modifiers */ = {
			isa = PBXGroup;
			children = (
				76798B4897CAC276448E489B /* MWButtonPress.swift */,
				5666B85823F4898EAB769C5A /* MWCard.swift */,
				B164C49CB882DD2A86A4F46E /* MWScreenChrome.swift */,
			);
			path = Modifiers;
			sourceTree = "<group>";
		};
		0A05C347E58406AA34A532F5 /* Analytics */ = {
			isa = PBXGroup;
			children = (
				0DED8C932C8C55A94E71D0C0 /* AnalyticsClient.swift */,
			);
			path = Analytics;
			sourceTree = "<group>";
		};
		0D4AC95A19DAE805B4205B56 /* __Snapshots__ */ = {
			isa = PBXGroup;
			children = (
				7606F00022F2C3D04EE2FB4E /* DesignSystemSnapshotTests */,
			);
			path = __Snapshots__;
			sourceTree = "<group>";
		};
		14F395A1EDCFA7C9108D63B4 /* Components */ = {
			isa = PBXGroup;
			children = (
				E9A8002D09B6C062BBAB94E8 /* Atoms */,
				934DD600AB566F95B6904B97 /* Layout */,
				4D1C3520F0365FA23724CBDB /* Molecules */,
			);
			path = Components;
			sourceTree = "<group>";
		};
		1DE7D20B0E04C01DA2129E65 /* Icons */ = {
			isa = PBXGroup;
			children = (
				03CDD1F90E8F1718DB43FC60 /* Generated */,
				5B8AEA2735B8301C16FE04DA /* MWIcon.swift */,
			);
			path = Icons;
			sourceTree = "<group>";
		};
		26B827142C4107CAD33D42AD /* Data */ = {
			isa = PBXGroup;
			children = (
				9287D0C7A9059A9FC7C4845B /* Models */,
				3F11535558D1D93FC12CD5DB /* Repositories */,
				4304CCAD52294A3AD9BD92B7 /* Sync */,
			);
			path = Data;
			sourceTree = "<group>";
		};
		2A0B1FBEE981B69727CECB7D /* MWReminderContent */ = {
			isa = PBXGroup;
			children = (
				18AB5D090D947683FAD37D71 /* NotificationViewController.swift */,
			);
			path = MWReminderContent;
			sourceTree = "<group>";
		};
		2F5532E1FA4E3D2559AB169D /* Notifications */ = {
			isa = PBXGroup;
			children = (
				AD776F7C7EB68ECAB3A18B61 /* DeviceTokenRegistrar.swift */,
				215707E42657BB52122090F1 /* DueCountPublisher.swift */,
				F8B70FE48D59D1CA437A2D14 /* NotificationManager.swift */,
				48057B503BCD39E3AAFBC4C4 /* ReminderScheduler.swift */,
				BC536E373440811930D08772 /* StreakMonitor.swift */,
			);
			path = Notifications;
			sourceTree = "<group>";
		};
		379B282C25770B71CD958878 /* DesignSystem */ = {
			isa = PBXGroup;
			children = (
				14F395A1EDCFA7C9108D63B4 /* Components */,
				638229C348DAB0712F8D39C4 /* EnvironmentKeys */,
				1DE7D20B0E04C01DA2129E65 /* Icons */,
				0845A647B3CAF3654CB82254 /* Modifiers */,
				72C01DE35B953B002D8ACB8A /* Styles */,
				4792559B161866F590E6EFEA /* Tokens */,
			);
			path = DesignSystem;
			sourceTree = "<group>";
		};
		3F11535558D1D93FC12CD5DB /* Repositories */ = {
			isa = PBXGroup;
			children = (
				8C087021FFDD8C1E5DDAA809 /* CardRepository.swift */,
				EB62B6A6F41C3A1E236E3C10 /* DeckRepository.swift */,
				CC62BE8984796A6300F1A3A4 /* SubTopicRepository.swift */,
				CDD562A9D83B019069E4132A /* TopicRepository.swift */,
			);
			path = Repositories;
			sourceTree = "<group>";
		};
		3F20545E0B1ADCFE6C0703B6 /* Home */ = {
			isa = PBXGroup;
			children = (
				48B6A37BC87F9636592B2299 /* HomeView.swift */,
				45807D51F144F68F37E66550 /* HomeViewModel.swift */,
			);
			path = Home;
			sourceTree = "<group>";
		};
		4304CCAD52294A3AD9BD92B7 /* Sync */ = {
			isa = PBXGroup;
			children = (
				AC88DBBFD5579BED38C6C052 /* Clock.swift */,
				5C541DE92720101FECDDBFDF /* MutationQueue.swift */,
				6944DDE653DA2FDC75F8FA1B /* Reachability.swift */,
				EF568EFFD771971970B8D385 /* SyncableRecord.swift */,
				ED9D3C2D7338126C6D12C080 /* SyncManager.swift */,
				EF7550BE1456411229916E6E /* SyncPuller.swift */,
				D3430FF6B912BDF871884B14 /* SyncPusher.swift */,
				7A675AF8DB65EE2904C44D0B /* SyncScheduler.swift */,
			);
			path = Sync;
			sourceTree = "<group>";
		};
		469D663F9161FAA61A0EC8AB /* DeckDetail */ = {
			isa = PBXGroup;
			children = (
				D2A5FCDCF59EA98B403E6950 /* BulkActionsSheet.swift */,
				97807773209CB638A7C3856A /* CardsTabView.swift */,
				32A13A898D5B48D77F9F05C2 /* DeckDetailView.swift */,
				E7F32B7393E6D76DD2E8D5EC /* DeckDetailViewModel.swift */,
				6948B9994028011FBBA79AAC /* HistoryTabView.swift */,
				C0CEEC2AAF9781CEE487D44D /* ManageSubTopicsView.swift */,
			);
			path = DeckDetail;
			sourceTree = "<group>";
		};
		4792559B161866F590E6EFEA /* Tokens */ = {
			isa = PBXGroup;
			children = (
				4233F9E69A788D61C2D472C0 /* Borders.swift */,
				E8601E71EC6CC580329D9D3A /* Colors.swift */,
				5E1E904C0BB96CFDF0B549B4 /* Control.swift */,
				300F3D467E2E539FF66D566E /* Motion.swift */,
				BB0EDBD405DDBA367BDF1503 /* Radii.swift */,
				EF1D480537F787B33D90D3D7 /* Shadows.swift */,
				E7BFBCFA88524780D98CE086 /* Spacing.swift */,
				A6D19E2DA08AE57F2E891450 /* Typography.swift */,
			);
			path = Tokens;
			sourceTree = "<group>";
		};
		49D8BB45009C54D3E502D3B7 /* Deck */ = {
			isa = PBXGroup;
			children = (
				A831DE38DA66BB1648C9EAA0 /* CreateDeckView.swift */,
			);
			path = Deck;
			sourceTree = "<group>";
		};
		4D1C3520F0365FA23724CBDB /* Molecules */ = {
			isa = PBXGroup;
			children = (
				E5FA45303CDA14AD66B93806 /* MWActionSheet.swift */,
				DB93E089FC42F72CAC03BF53 /* MWBottomSheet.swift */,
				EFF043754AAE8FDE9D141085 /* MWCardTile.swift */,
				5306AD88927E73E1EE08534B /* MWDeckCard.swift */,
				8355F6FE220725A6DAD560B3 /* MWDuePill.swift */,
				A8D03B0AD8048DEC4380CC6F /* MWEmptyState.swift */,
				4BC1DA0E68DA712D4F980330 /* MWFormRow.swift */,
				829365D41AABE8389B3A7FDC /* MWRatingButton.swift */,
				32FC48EE569534CBA573C1C8 /* MWSection.swift */,
				024DB898250E2F1003715C3C /* MWStackedDeckPaper.swift */,
				BFDA16CADF647B3B6848CB1A /* MWTopBar.swift */,
			);
			path = Molecules;
			sourceTree = "<group>";
		};
		638229C348DAB0712F8D39C4 /* EnvironmentKeys */ = {
			isa = PBXGroup;
			children = (
				9B3925292F9A0F8A65D5ADA9 /* MWAccentKey.swift */,
			);
			path = EnvironmentKeys;
			sourceTree = "<group>";
		};
		687FF79CBD690C1BD72D7B86 /* Products */ = {
			isa = PBXGroup;
			children = (
				070938971B6DA36EDC8B8668 /* Flashcards.app */,
				0D5E661B31CAD40E670B867A /* FlashcardsTests.xctest */,
				F760E860CA556E45A8229982 /* FlashcardsUITests.xctest */,
				C8FEC5FD8EDE153F9070FF76 /* MWReminderContent.appex */,
			);
			name = Products;
			sourceTree = "<group>";
		};
		6DEE7DEEF958833BC7274104 /* Paywall */ = {
			isa = PBXGroup;
			children = (
				E8905531D265A8ED78C0EA5A /* PaywallView.swift */,
			);
			path = Paywall;
			sourceTree = "<group>";
		};
		72C01DE35B953B002D8ACB8A /* Styles */ = {
			isa = PBXGroup;
			children = (
				1A2F6309A56C16DB54F4E208 /* MWDestructiveButtonStyle.swift */,
				9D49E4AA2AE135563BBDA46A /* MWPrimaryButtonStyle.swift */,
				7A16BDB6D28578249699970F /* MWSecondaryButtonStyle.swift */,
			);
			path = Styles;
			sourceTree = "<group>";
		};
		7606F00022F2C3D04EE2FB4E /* DesignSystemSnapshotTests */ = {
			isa = PBXGroup;
			children = (
				7877A917EF68E9D82DE4ED2E /* test_MWButton_primary_dark.dark.png */,
				345D340AF68F033F6EE939F4 /* test_MWButton_primary_idle.1.png */,
				F040D73BB3A94134B162AE1B /* test_MWCard.1.png */,
				490ECA2DC834EBB5DCEAFD89 /* test_MWTextField.1.png */,
			);
			path = DesignSystemSnapshotTests;
			sourceTree = "<group>";
		};
		79675C1A19D39AC2E82839E2 /* Search */ = {
			isa = PBXGroup;
			children = (
				A52B0821B604B4E6D1211664 /* SearchView.swift */,
			);
			path = Search;
			sourceTree = "<group>";
		};
		82A71E13467E00276E837B5A /* Flashcards */ = {
			isa = PBXGroup;
			children = (
				0A05C347E58406AA34A532F5 /* Analytics */,
				F5F58FEB583413C13FFB468F /* App */,
				26B827142C4107CAD33D42AD /* Data */,
				379B282C25770B71CD958878 /* DesignSystem */,
				945D7DD7B0B2F78521C27850 /* Entitlements */,
				E6CC567D895B707D164840A7 /* Features */,
				B8FDB318C62DB64023DA2741 /* Fsrs */,
				AC22C941271FA71AE6097241 /* Networking */,
				2F5532E1FA4E3D2559AB169D /* Notifications */,
				CFA7A7626B4BB603C2A29791 /* Purchases */,
				9900C377598C7E6AC1D4372F /* Util */,
				40590CEF9514F130D9EB7101 /* Assets.xcassets */,
				ED2F2E000D8E52F893AB59AF /* Flashcards.entitlements */,
				898ED96388E1C5A38EB3EC56 /* FlashcardsApp.swift */,
				57D2CD70838F57E5188414E9 /* Info.plist */,
			);
			path = Flashcards;
			sourceTree = "<group>";
		};
		9287D0C7A9059A9FC7C4845B /* Models */ = {
			isa = PBXGroup;
			children = (
				D8383BCF5096BCC46DE05D02 /* AssetEntity.swift */,
				033AC2926EB4D961C4C424DC /* CardEntity.swift */,
				10AF568BF32CAB05DD5ED053 /* CardSubTopicEntity.swift */,
				ABD8EE62BED3535F866F5F43 /* DeckEntity.swift */,
				B82C4A4AA1D82A8B89FB92E8 /* PendingMutationEntity.swift */,
				28278995FCCF84EB0A23F25E /* ReviewEntity.swift */,
				CCF8F77B9F27EABE94CD5BDA /* SessionEntity.swift */,
				4EE79E0CDC597ADAB502C8C9 /* SubTopicEntity.swift */,
				FEE99548D88A1905842DAF9C /* TopicEntity.swift */,
				8FDD1D115541E030F53F11A8 /* UserEntity.swift */,
			);
			path = Models;
			sourceTree = "<group>";
		};
		934DD600AB566F95B6904B97 /* Layout */ = {
			isa = PBXGroup;
			children = (
				BE6E7C25A8A429F6EAF79073 /* MWScreen.swift */,
			);
			path = Layout;
			sourceTree = "<group>";
		};
		945D7DD7B0B2F78521C27850 /* Entitlements */ = {
			isa = PBXGroup;
			children = (
				BD1F88FBAA3DD311B27072C7 /* EntitlementKey.swift */,
				F51C22E78FEFE48AC04F4832 /* EntitlementsManager.swift */,
				47C26893A62EE8644CF55B3A /* PlansCache.swift */,
			);
			path = Entitlements;
			sourceTree = "<group>";
		};
		9900C377598C7E6AC1D4372F /* Util */ = {
			isa = PBXGroup;
			children = (
				69FC6B253B1E1DE3A8740B95 /* UUIDv7.swift */,
			);
			path = Util;
			sourceTree = "<group>";
		};
		9FC4D87C120431AF03FAF42F /* Session */ = {
			isa = PBXGroup;
			children = (
				EF55A0D140D20340B0E0212A /* BasicStudyView.swift */,
				F65F3B472528E2553505E0D1 /* SessionEngine.swift */,
				B69BE1712FF228283528309B /* SessionQueueBuilder.swift */,
				5A69E4E67F72D477C40C2337 /* SessionRootView.swift */,
				6183B660BA0EF2BA4D04EC6B /* SessionSummaryView.swift */,
				265F581C55D868A8B31A0ACE /* SmartStudyView.swift */,
			);
			path = Session;
			sourceTree = "<group>";
		};
		A25A4E3D88F299F52D382269 /* Card */ = {
			isa = PBXGroup;
			children = (
				260DE1302BED01867EB042A4 /* CardEditView.swift */,
				C8E104C4B0517745446B1DD7 /* CardFormModel.swift */,
				73399284F3ED1C2018079C5E /* CreateCardView.swift */,
			);
			path = Card;
			sourceTree = "<group>";
		};
		A7C7D1A8F0526AE0ACC967A6 /* Auth */ = {
			isa = PBXGroup;
			children = (
				C7A12C1B6BE8A6235B115D87 /* AppleSignInService.swift */,
				C4046CD24470CE2356BFFCF4 /* AuthManager.swift */,
				3C2EEF58ABB8E128D7C31244 /* MagicLinkConsumer.swift */,
				CC46401E4827495FB1C0CED9 /* TokenStore.swift */,
			);
			path = Auth;
			sourceTree = "<group>";
		};
		AC22C941271FA71AE6097241 /* Networking */ = {
			isa = PBXGroup;
			children = (
				53FF0E03041A7DF5873A4E23 /* APIClient.swift */,
				C0779B8D6E61E0FA843454D6 /* APIEndpoint.swift */,
				7D954BBA4FC4F58D5450E56B /* APIError.swift */,
			);
			path = Networking;
			sourceTree = "<group>";
		};
		B8FDB318C62DB64023DA2741 /* Fsrs */ = {
			isa = PBXGroup;
			children = (
				D4A6C997AC419320FA6B3516 /* FsrsScheduler.swift */,
				9FF2A62213E52FA682809B1B /* RatingMapping.swift */,
			);
			path = Fsrs;
			sourceTree = "<group>";
		};
		C07066FF8BDC3A30FB318EE4 /* Onboarding */ = {
			isa = PBXGroup;
			children = (
				026338AE29FD796E495EB78B /* Intro1View.swift */,
				CBC69613C1B6A205B4F07A10 /* Intro2View.swift */,
				EB119C7EA6CDB08651643EC5 /* MagicLinkSentView.swift */,
				E7D51F2962DF1E93EA9668E4 /* SignUpWallView.swift */,
				131236E5F791B958F6E5BDEA /* SplashView.swift */,
			);
			path = Onboarding;
			sourceTree = "<group>";
		};
		CFA7A7626B4BB603C2A29791 /* Purchases */ = {
			isa = PBXGroup;
			children = (
				954ADF49C1C6177C87B965F4 /* PurchasesManager.swift */,
			);
			path = Purchases;
			sourceTree = "<group>";
		};
		DBFB1E547D31343C7FD8370D = {
			isa = PBXGroup;
			children = (
				82A71E13467E00276E837B5A /* Flashcards */,
				05DF7C4E8846537AD6E1EEA7 /* FlashcardsTests */,
				E0659CC025722761CA54A138 /* FlashcardsUITests */,
				2A0B1FBEE981B69727CECB7D /* MWReminderContent */,
				687FF79CBD690C1BD72D7B86 /* Products */,
			);
			sourceTree = "<group>";
		};
		DE264F75B1D4689C6C2FA6D7 /* Settings */ = {
			isa = PBXGroup;
			children = (
				6458ABF8BAFFB8529E097482 /* AboutView.swift */,
				94ECD351B727AA8F6A2FB1F5 /* AccountSettingsView.swift */,
				A968DA2C0D1C065832FED33C /* AppearanceSettingsView.swift */,
				DDD65F929B3D4798FB10834A /* ProfileSettingsView.swift */,
				A5F169ED41028FBDB6544FD3 /* SettingsRootView.swift */,
				79B550692961538D7032191A /* StudySettingsView.swift */,
				E9369A88499CFD0DA5AE6A3F /* SubscriptionSettingsView.swift */,
			);
			path = Settings;
			sourceTree = "<group>";
		};
		E0659CC025722761CA54A138 /* FlashcardsUITests */ = {
			isa = PBXGroup;
			children = (
				3E40CD64F095A8BA4D1644DE /* FlashcardsUITests.swift */,
				31DC23A33966998B158F53FC /* OfflineSmartStudyUITests.swift */,
			);
			path = FlashcardsUITests;
			sourceTree = "<group>";
		};
		E6CC567D895B707D164840A7 /* Features */ = {
			isa = PBXGroup;
			children = (
				A7C7D1A8F0526AE0ACC967A6 /* Auth */,
				A25A4E3D88F299F52D382269 /* Card */,
				49D8BB45009C54D3E502D3B7 /* Deck */,
				469D663F9161FAA61A0EC8AB /* DeckDetail */,
				3F20545E0B1ADCFE6C0703B6 /* Home */,
				C07066FF8BDC3A30FB318EE4 /* Onboarding */,
				6DEE7DEEF958833BC7274104 /* Paywall */,
				79675C1A19D39AC2E82839E2 /* Search */,
				9FC4D87C120431AF03FAF42F /* Session */,
				DE264F75B1D4689C6C2FA6D7 /* Settings */,
			);
			path = Features;
			sourceTree = "<group>";
		};
		E9A8002D09B6C062BBAB94E8 /* Atoms */ = {
			isa = PBXGroup;
			children = (
				7C21C770B2B3AF3347CF2284 /* MWButton.swift */,
				FDEE3ED2340A6253A42ACEC2 /* MWChip.swift */,
				088B7E1F4FEA8DB8F1829EC2 /* MWDivider.swift */,
				CFB0E68B8D3541EC7636DEFC /* MWDot.swift */,
				0A2046EA17B9CF3B81354EBB /* MWEyebrow.swift */,
				4AB8DD260175A68C1CA1FCEA /* MWPill.swift */,
				8FE7C8DABC4C17BDAD170ED4 /* MWProgressBar.swift */,
				080906C8209BFFC0A09C6D70 /* MWSwitch.swift */,
				A5230E893284E35730064E5E /* MWTextArea.swift */,
				FA292D13A4FD4DFA9AAE6053 /* MWTextField.swift */,
			);
			path = Atoms;
			sourceTree = "<group>";
		};
		F5F58FEB583413C13FFB468F /* App */ = {
			isa = PBXGroup;
			children = (
				CD59D377B2406AE1BC80E481 /* AppState.swift */,
				CF7468B7B18BF5DB2D3E671D /* RootView.swift */,
				256DB2415229AA61623D381B /* UITestLaunch.swift */,
			);
			path = App;
			sourceTree = "<group>";
		};
/* End PBXGroup section */

/* Begin PBXNativeTarget section */
		19A7A8683D1DFC581E8EA584 /* FlashcardsUITests */ = {
			isa = PBXNativeTarget;
			buildConfigurationList = 06C30E2C1DB750AE35C3E49A /* Build configuration list for PBXNativeTarget "FlashcardsUITests" */;
			buildPhases = (
				55819E4742DC6F948FC1C74F /* Sources */,
			);
			buildRules = (
			);
			dependencies = (
				B9596DBF86640C31DBB3DBE0 /* PBXTargetDependency */,
			);
			name = FlashcardsUITests;
			packageProductDependencies = (
			);
			productName = FlashcardsUITests;
			productReference = F760E860CA556E45A8229982 /* FlashcardsUITests.xctest */;
			productType = "com.apple.product-type.bundle.ui-testing";
		};
		2CC6795DD59D1A2501280D40 /* Flashcards */ = {
			isa = PBXNativeTarget;
			buildConfigurationList = CE79D582715594345ADD9246 /* Build configuration list for PBXNativeTarget "Flashcards" */;
			buildPhases = (
				51913F9C449EB8E2CC21A9F4 /* SwiftLint */,
				B5E77E6414FBCAEFBCAD1F6A /* Sources */,
				602C9176F2311B36D7144862 /* Resources */,
				9190A102B33B13994342CCFF /* Frameworks */,
				95140BC165DA302361C3FD00 /* Embed Foundation Extensions */,
			);
			buildRules = (
			);
			dependencies = (
				506DFA230076DDA8C19D5616 /* PBXTargetDependency */,
			);
			name = Flashcards;
			packageProductDependencies = (
				9A85F47B4666B3448616D1FF /* KeychainAccess */,
				1F414A0711619C5FDF3269DD /* MarkdownUI */,
				6BF295D3928BC732211057E9 /* PostHog */,
				B2E7B02A2283DBE098796542 /* Sentry */,
				BF1B96FCCAF511A81AA62687 /* SwiftFSRS */,
			);
			productName = Flashcards;
			productReference = 070938971B6DA36EDC8B8668 /* Flashcards.app */;
			productType = "com.apple.product-type.application";
		};
		9122069652D89DB3BEB2CE32 /* FlashcardsTests */ = {
			isa = PBXNativeTarget;
			buildConfigurationList = 56804C049048C3B8FFBD59E1 /* Build configuration list for PBXNativeTarget "FlashcardsTests" */;
			buildPhases = (
				9B54C8F1797D2A5D1DDF8D58 /* Sources */,
				AD0E0E99F5862EBDD948B155 /* Resources */,
				70CBEE8B89D3ED886F2E8BCE /* Frameworks */,
			);
			buildRules = (
			);
			dependencies = (
				2F9BA560A0209D67D3AE03B0 /* PBXTargetDependency */,
			);
			name = FlashcardsTests;
			packageProductDependencies = (
				E27D9141CA237CB70AE1FF5D /* SnapshotTesting */,
			);
			productName = FlashcardsTests;
			productReference = 0D5E661B31CAD40E670B867A /* FlashcardsTests.xctest */;
			productType = "com.apple.product-type.bundle.unit-test";
		};
		E421F640D87B168CAD5CE1D7 /* MWReminderContent */ = {
			isa = PBXNativeTarget;
			buildConfigurationList = CAA4A72624AB6178D5A8E064 /* Build configuration list for PBXNativeTarget "MWReminderContent" */;
			buildPhases = (
				6D6811588777DA8B1893E8A5 /* Sources */,
			);
			buildRules = (
			);
			dependencies = (
			);
			name = MWReminderContent;
			packageProductDependencies = (
			);
			productName = MWReminderContent;
			productReference = C8FEC5FD8EDE153F9070FF76 /* MWReminderContent.appex */;
			productType = "com.apple.product-type.app-extension";
		};
/* End PBXNativeTarget section */

/* Begin PBXProject section */
		99F96BF0A775FB829E9E9FEA /* Project object */ = {
			isa = PBXProject;
			attributes = {
				BuildIndependentTargetsInParallel = YES;
				LastUpgradeCheck = 1430;
				TargetAttributes = {
					19A7A8683D1DFC581E8EA584 = {
						DevelopmentTeam = UWK6JHFFGJ;
						ProvisioningStyle = Automatic;
						TestTargetID = 2CC6795DD59D1A2501280D40;
					};
					2CC6795DD59D1A2501280D40 = {
						DevelopmentTeam = UWK6JHFFGJ;
						ProvisioningStyle = Automatic;
					};
					9122069652D89DB3BEB2CE32 = {
						DevelopmentTeam = UWK6JHFFGJ;
						ProvisioningStyle = Automatic;
					};
					E421F640D87B168CAD5CE1D7 = {
						DevelopmentTeam = UWK6JHFFGJ;
						ProvisioningStyle = Automatic;
					};
				};
			};
			buildConfigurationList = 486C63B2BBDB4BA36F23F6AE /* Build configuration list for PBXProject "Flashcards" */;
			developmentRegion = en;
			hasScannedForEncodings = 0;
			knownRegions = (
				Base,
				en,
			);
			mainGroup = DBFB1E547D31343C7FD8370D;
			minimizedProjectReferenceProxies = 1;
			packageReferences = (
				84C37652AFCF2A169E22D8FE /* XCRemoteSwiftPackageReference "KeychainAccess" */,
				10B5D53691149BBEE4E45018 /* XCRemoteSwiftPackageReference "swift-markdown-ui" */,
				2E1C9F75BDB2EB25CEE1A9D3 /* XCRemoteSwiftPackageReference "posthog-ios" */,
				BECAC7FCCB520905766D9B35 /* XCRemoteSwiftPackageReference "sentry-cocoa" */,
				8AC4348E17BF70F61168C72F /* XCRemoteSwiftPackageReference "swift-snapshot-testing" */,
				182A3C53B1A4C8A782DBDF1D /* XCRemoteSwiftPackageReference "swift-fsrs" */,
			);
			preferredProjectObjectVersion = 77;
			productRefGroup = 687FF79CBD690C1BD72D7B86 /* Products */;
			projectDirPath = "";
			projectRoot = "";
			targets = (
				2CC6795DD59D1A2501280D40 /* Flashcards */,
				9122069652D89DB3BEB2CE32 /* FlashcardsTests */,
				19A7A8683D1DFC581E8EA584 /* FlashcardsUITests */,
				E421F640D87B168CAD5CE1D7 /* MWReminderContent */,
			);
		};
/* End PBXProject section */

/* Begin PBXResourcesBuildPhase section */
		602C9176F2311B36D7144862 /* Resources */ = {
			isa = PBXResourcesBuildPhase;
			buildActionMask = 2147483647;
			files = (
				7046D80BB7E05D4488B8E620 /* Assets.xcassets in Resources */,
			);
			runOnlyForDeploymentPostprocessing = 0;
		};
		AD0E0E99F5862EBDD948B155 /* Resources */ = {
			isa = PBXResourcesBuildPhase;
			buildActionMask = 2147483647;
			files = (
				918FA4E3B46D91876C6A1ED6 /* test_MWButton_primary_dark.dark.png in Resources */,
				FA19E35DDF7DCC4C3EA7E313 /* test_MWButton_primary_idle.1.png in Resources */,
				E3285325AD1DBFBA14A0C225 /* test_MWCard.1.png in Resources */,
				97BB3DE8DA72E45A9CF0DD8F /* test_MWTextField.1.png in Resources */,
			);
			runOnlyForDeploymentPostprocessing = 0;
		};
/* End PBXResourcesBuildPhase section */

/* Begin PBXShellScriptBuildPhase section */
		51913F9C449EB8E2CC21A9F4 /* SwiftLint */ = {
			isa = PBXShellScriptBuildPhase;
			alwaysOutOfDate = 1;
			buildActionMask = 2147483647;
			files = (
			);
			inputFileListPaths = (
			);
			inputPaths = (
			);
			name = SwiftLint;
			outputFileListPaths = (
			);
			outputPaths = (
			);
			runOnlyForDeploymentPostprocessing = 0;
			shellPath = /bin/sh;
			shellScript = "if command -v swiftlint >/dev/null 2>&1; then\n  swiftlint --config \"${SRCROOT}/.swiftlint.yml\" --strict\nelse\n  echo \"warning: SwiftLint not installed — brew install swiftlint\"\nfi\n";
		};
/* End PBXShellScriptBuildPhase section */

/* Begin PBXSourcesBuildPhase section */
		55819E4742DC6F948FC1C74F /* Sources */ = {
			isa = PBXSourcesBuildPhase;
			buildActionMask = 2147483647;
			files = (
				BBFBE898C41CC4D089E2D26E /* FlashcardsUITests.swift in Sources */,
				DAE0C65683ECEC96BF42F1D0 /* OfflineSmartStudyUITests.swift in Sources */,
			);
			runOnlyForDeploymentPostprocessing = 0;
		};
		6D6811588777DA8B1893E8A5 /* Sources */ = {
			isa = PBXSourcesBuildPhase;
			buildActionMask = 2147483647;
			files = (
				0168437CE76333591F37053C /* NotificationViewController.swift in Sources */,
			);
			runOnlyForDeploymentPostprocessing = 0;
		};
		9B54C8F1797D2A5D1DDF8D58 /* Sources */ = {
			isa = PBXSourcesBuildPhase;
			buildActionMask = 2147483647;
			files = (
				467E999C60E7D0AF70030741 /* APIClientTests.swift in Sources */,
				908C1BA6C8BEFF7595F4E477 /* AppStateTests.swift in Sources */,
				E7648228F66E1B871F8CACDE /* ColorsTokenTests.swift in Sources */,
				1B7A8C176DF9E0139D736634 /* ControlTokenTests.swift in Sources */,
				A732FD46039CA285EC45CB06 /* DesignSystemSnapshotTests.swift in Sources */,
				BBA5F5C696CCD8CDA1AD10CC /* EntitlementsManagerTests.swift in Sources */,
				C155DBC0A9054986EC3BC984 /* FlashcardsTests.swift in Sources */,
				1F66E163B88A2C2BF974A268 /* FsrsSchedulerTests.swift in Sources */,
				B632620852D90304CF7F1510 /* MagicLinkConsumerTests.swift in Sources */,
				FF3E7BF78806CC52E924FE69 /* MutationQueueTests.swift in Sources */,
				677D011943A1A762FB875994 /* SessionEngineTests.swift in Sources */,
				034B1AD5FF44E65062615B47 /* SessionQueueBuilderTests.swift in Sources */,
				46EF757D55EAC0A4A9F39128 /* SyncIntegrationTests.swift in Sources */,
				A72996DA8E1FF8E4F7D5CCC1 /* SyncPullerTests.swift in Sources */,
				1632434E093FB8EA04CC736E /* SyncPusherTests.swift in Sources */,
			);
			runOnlyForDeploymentPostprocessing = 0;
		};
		B5E77E6414FBCAEFBCAD1F6A /* Sources */ = {
			isa = PBXSourcesBuildPhase;
			buildActionMask = 2147483647;
			files = (
				C45A1DA5C023840AC121EC36 /* APIClient.swift in Sources */,
				505C92450AB7F77F836170B1 /* APIEndpoint.swift in Sources */,
				C1AF58DAA850D137B77B139B /* APIError.swift in Sources */,
				DB5FF970853FBEA9BDD52520 /* AboutView.swift in Sources */,
				01C3A196D5ED274925B6C58F /* AccountSettingsView.swift in Sources */,
				1B722014A736E1A696F9CE42 /* AnalyticsClient.swift in Sources */,
				F5202C28945C431FAF54FBC5 /* AppState.swift in Sources */,
				FACD84614B6294BA7BD90515 /* AppearanceSettingsView.swift in Sources */,
				2FBB276265F68FA8374898A6 /* AppleSignInService.swift in Sources */,
				2C783B53D6E3E96C7E386CC0 /* AssetEntity.swift in Sources */,
				E086CE937F972443F1E2A40D /* AuthManager.swift in Sources */,
				443049A2EF4251E98FEAED53 /* BasicStudyView.swift in Sources */,
				F25E11BD413D3218216BB972 /* Borders.swift in Sources */,
				0B74F651D3DFD81C346B4BF8 /* BulkActionsSheet.swift in Sources */,
				0CE9FF860E161A9FAE5EEB2C /* CardEditView.swift in Sources */,
				52D5439183B9053C7E7404EB /* CardEntity.swift in Sources */,
				74E690F3B65905B02875F4A6 /* CardFormModel.swift in Sources */,
				3599F70D0B0838652ECA3538 /* CardRepository.swift in Sources */,
				38D5739924BAD001DFD8E6ED /* CardSubTopicEntity.swift in Sources */,
				4E642E0365B3BAE6E0C987A5 /* CardsTabView.swift in Sources */,
				08CDD3732EDAFE1C60B0B926 /* Clock.swift in Sources */,
				E4E6973A11C056D294601697 /* Colors.swift in Sources */,
				0517803C799830F5D2612199 /* Control.swift in Sources */,
				B2C77177B66F7A679762D200 /* CreateCardView.swift in Sources */,
				DF78AF2CB379E2F3B0454759 /* CreateDeckView.swift in Sources */,
				C421DF46E9C54D719DEBB3B7 /* DeckDetailView.swift in Sources */,
				AF3BFB36C7F1217E4491C3D9 /* DeckDetailViewModel.swift in Sources */,
				92748C6CB52C39BBAE52F0A3 /* DeckEntity.swift in Sources */,
				586FEAF9A3BAF8A87F8DB4E2 /* DeckRepository.swift in Sources */,
				CA93D0C2C6A1FCA99BFB20E7 /* DeviceTokenRegistrar.swift in Sources */,
				72A95E60C67E631EB3FD2DBE /* DueCountPublisher.swift in Sources */,
				96F2B0B1239C69AD2B52AD75 /* EntitlementKey.swift in Sources */,
				02DD8B9EE0C3BC3336D2D9C5 /* EntitlementsManager.swift in Sources */,
				1D3B8506D046FAD46CE79849 /* FlashcardsApp.swift in Sources */,
				739E324D69B53136DBA2C4D8 /* FsrsScheduler.swift in Sources */,
				30F160028695CE2061AEFC17 /* HistoryTabView.swift in Sources */,
				66BA7BE6211476E8F91EC20A /* HomeView.swift in Sources */,
				874ECAFA7D825A5691170773 /* HomeViewModel.swift in Sources */,
				F7390A7F8147B1AB44D835A5 /* Icons.swift in Sources */,
				5151286603222647B1AACCB5 /* Intro1View.swift in Sources */,
				7C00A1D91D4886048AC8B54F /* Intro2View.swift in Sources */,
				19BF3CEF62F523AA152B339F /* MWAccentKey.swift in Sources */,
				4453BDD5207822B2246E75F3 /* MWActionSheet.swift in Sources */,
				1E58054BBF9A4F8DA26CA2A9 /* MWBottomSheet.swift in Sources */,
				8B1C8DA5B9FFA67E666742C9 /* MWButton.swift in Sources */,
				190FCD89EB06257558CF3844 /* MWButtonPress.swift in Sources */,
				F1642B745813ABE669A91B85 /* MWCard.swift in Sources */,
				8987EEEC6EA66D83E85EA8C4 /* MWCardTile.swift in Sources */,
				C8FE81070F62C04D06B24CD7 /* MWChip.swift in Sources */,
				360921A20F0D645429BE2DC9 /* MWDeckCard.swift in Sources */,
				6BC96A54318A7EC43FB27FC3 /* MWDestructiveButtonStyle.swift in Sources */,
				6D7E3BF8947D24D9C2C8A064 /* MWDivider.swift in Sources */,
				343AAB64A5721C045E9EE719 /* MWDot.swift in Sources */,
				187FE4F00E40C3BF4E1A4740 /* MWDuePill.swift in Sources */,
				362318A2FBB835F4F325DCA4 /* MWEmptyState.swift in Sources */,
				F03144EE96CEA0A0C37E3256 /* MWEyebrow.swift in Sources */,
				59F5DF420EF34A63C92C3CA5 /* MWFormRow.swift in Sources */,
				25287D01C2886383066B9082 /* MWIcon.swift in Sources */,
				6621BD3199DA11A08EAFE665 /* MWPill.swift in Sources */,
				C9D10B114F52606849C96E01 /* MWPrimaryButtonStyle.swift in Sources */,
				FDF1E30B9389B8590813789B /* MWProgressBar.swift in Sources */,
				61E3A6707A721022A5241E94 /* MWRatingButton.swift in Sources */,
				319BDA71D9F0A272D6841EDA /* MWScreen.swift in Sources */,
				F169AD878724E333007A4999 /* MWScreenChrome.swift in Sources */,
				7469D2561DCEC06499A1C483 /* MWSecondaryButtonStyle.swift in Sources */,
				269B12D667F48D430D1EBCD6 /* MWSection.swift in Sources */,
				BD6E4074804C14D3084EE95B /* MWStackedDeckPaper.swift in Sources */,
				0FE353CC6C9D1D5117085ECC /* MWSwitch.swift in Sources */,
				285CF35E0C520419F1E10EE5 /* MWTextArea.swift in Sources */,
				50D528B50CDEA0E4A89FA353 /* MWTextField.swift in Sources */,
				8513744E217874560E72406D /* MWTopBar.swift in Sources */,
				5D67882376226C37CCEDBDED /* MagicLinkConsumer.swift in Sources */,
				3C0A04027670D60D6C90DF14 /* MagicLinkSentView.swift in Sources */,
				D3741E0B6CE09CF567AB2656 /* ManageSubTopicsView.swift in Sources */,
				A200308DB65D7AC28BF3AB87 /* Motion.swift in Sources */,
				0663734BD2CB80C862FB72B4 /* MutationQueue.swift in Sources */,
				627EE855F38320C6A8DA2D10 /* NotificationManager.swift in Sources */,
				9CCEE286FE8DD0B56734C011 /* PaywallView.swift in Sources */,
				910979C7FC9DF8B27330B6B6 /* PendingMutationEntity.swift in Sources */,
				29376E648562E2D0E155C238 /* PlansCache.swift in Sources */,
				29EE21770BEDB0B02474747B /* ProfileSettingsView.swift in Sources */,
				3EE3CE174FA0C82FC94EC066 /* PurchasesManager.swift in Sources */,
				D9DD838304ED3D163450007C /* Radii.swift in Sources */,
				08587D58067C0A312630DA8D /* RatingMapping.swift in Sources */,
				60CE3ABF4DCA85511909BDA1 /* Reachability.swift in Sources */,
				B07BDB6723F8E46E17DC40E8 /* ReminderScheduler.swift in Sources */,
				09E626CEFFD279643612951A /* ReviewEntity.swift in Sources */,
				DF68FC3FC3330E8A257D5B34 /* RootView.swift in Sources */,
				0120C864D9E70F38E640E3AD /* SearchView.swift in Sources */,
				D877F137C522A81E1C671DF5 /* SessionEngine.swift in Sources */,
				782DF0C67B844C19FA65CCFE /* SessionEntity.swift in Sources */,
				05DA212F265AF76F77C41B19 /* SessionQueueBuilder.swift in Sources */,
				D2238FB3E7F73EA8ABE487FF /* SessionRootView.swift in Sources */,
				9A2A72FFFD9D5F254FCB992C /* SessionSummaryView.swift in Sources */,
				7D3B9F4610A2221A7A677EA5 /* SettingsRootView.swift in Sources */,
				17EF0C4A3171AF043E4BAC80 /* Shadows.swift in Sources */,
				4202B146CCA490A0CAC26E09 /* SignUpWallView.swift in Sources */,
				4BA1E22E2A1302D2EEF72C8A /* SmartStudyView.swift in Sources */,
				37DE4CDC872A96BF66F19D8F /* Spacing.swift in Sources */,
				4F3739FD8C07B8D27B0A7FF6 /* SplashView.swift in Sources */,
				38E04964F920EBC5867CE164 /* StreakMonitor.swift in Sources */,
				BF6E5E742067C24663EC7FBF /* StudySettingsView.swift in Sources */,
				4AE24E4F978227D3FEAF428B /* SubTopicEntity.swift in Sources */,
				1A8CBACAA7D7C3CE6949ACBA /* SubTopicRepository.swift in Sources */,
				20E8B8765A825363CF8F3AF6 /* SubscriptionSettingsView.swift in Sources */,
				0E2A175C95F7ECC8C1D4F750 /* SyncManager.swift in Sources */,
				1DA511CE98F369F45C800BD8 /* SyncPuller.swift in Sources */,
				F39183B68ECCDEBD3578668B /* SyncPusher.swift in Sources */,
				58DB376C943A13A4DEB0F39C /* SyncScheduler.swift in Sources */,
				9068880F7AD7040BBD0B3E25 /* SyncableRecord.swift in Sources */,
				72C41A07DC840AA76BAB53AA /* TokenStore.swift in Sources */,
				C075985FF8E7C236A6FD49BD /* TopicEntity.swift in Sources */,
				EF428B202F59CAA1E3BC23CA /* TopicRepository.swift in Sources */,
				D6716D000299EB9DA4283B57 /* Typography.swift in Sources */,
				14B11B2AE3E64C2AD3E5FDB0 /* UITestLaunch.swift in Sources */,
				243778810AF92E413F4A7823 /* UUIDv7.swift in Sources */,
				4C32138A2EAD9217C9B1C039 /* UserEntity.swift in Sources */,
			);
			runOnlyForDeploymentPostprocessing = 0;
		};
/* End PBXSourcesBuildPhase section */

/* Begin PBXTargetDependency section */
		2F9BA560A0209D67D3AE03B0 /* PBXTargetDependency */ = {
			isa = PBXTargetDependency;
			target = 2CC6795DD59D1A2501280D40 /* Flashcards */;
			targetProxy = 7DAB8A8DC8F95045F32724BD /* PBXContainerItemProxy */;
		};
		506DFA230076DDA8C19D5616 /* PBXTargetDependency */ = {
			isa = PBXTargetDependency;
			target = E421F640D87B168CAD5CE1D7 /* MWReminderContent */;
			targetProxy = 519AD522035648B051AA9DD0 /* PBXContainerItemProxy */;
		};
		B9596DBF86640C31DBB3DBE0 /* PBXTargetDependency */ = {
			isa = PBXTargetDependency;
			target = 2CC6795DD59D1A2501280D40 /* Flashcards */;
			targetProxy = FB28BD3F717F6EE49EC0316D /* PBXContainerItemProxy */;
		};
/* End PBXTargetDependency section */

/* Begin XCBuildConfiguration section */
		0510B35674525A36BEE34C6E /* Release */ = {
			isa = XCBuildConfiguration;
			buildSettings = {
				BUNDLE_LOADER = "$(TEST_HOST)";
				GENERATE_INFOPLIST_FILE = YES;
				IPHONEOS_DEPLOYMENT_TARGET = 17.0;
				LD_RUNPATH_SEARCH_PATHS = (
					"$(inherited)",
					"@executable_path/Frameworks",
					"@loader_path/Frameworks",
				);
				PRODUCT_BUNDLE_IDENTIFIER = com.lukehogan.flashcards.uitests;
				SDKROOT = iphoneos;
				TARGETED_DEVICE_FAMILY = "1,2";
				TEST_TARGET_NAME = Flashcards;
			};
			name = Release;
		};
		0A4EF9FF4C0A56B64A1C8C34 /* Debug */ = {
			isa = XCBuildConfiguration;
			buildSettings = {
				ALWAYS_SEARCH_USER_PATHS = NO;
				CLANG_ANALYZER_NONNULL = YES;
				CLANG_ANALYZER_NUMBER_OBJECT_CONVERSION = YES_AGGRESSIVE;
				CLANG_CXX_LANGUAGE_STANDARD = "gnu++14";
				CLANG_CXX_LIBRARY = "libc++";
				CLANG_ENABLE_MODULES = YES;
				CLANG_ENABLE_OBJC_ARC = YES;
				CLANG_ENABLE_OBJC_WEAK = YES;
				CLANG_WARN_BLOCK_CAPTURE_AUTORELEASING = YES;
				CLANG_WARN_BOOL_CONVERSION = YES;
				CLANG_WARN_COMMA = YES;
				CLANG_WARN_CONSTANT_CONVERSION = YES;
				CLANG_WARN_DEPRECATED_OBJC_IMPLEMENTATIONS = YES;
				CLANG_WARN_DIRECT_OBJC_ISA_USAGE = YES_ERROR;
				CLANG_WARN_DOCUMENTATION_COMMENTS = YES;
				CLANG_WARN_EMPTY_BODY = YES;
				CLANG_WARN_ENUM_CONVERSION = YES;
				CLANG_WARN_INFINITE_RECURSION = YES;
				CLANG_WARN_INT_CONVERSION = YES;
				CLANG_WARN_NON_LITERAL_NULL_CONVERSION = YES;
				CLANG_WARN_OBJC_IMPLICIT_RETAIN_SELF = YES;
				CLANG_WARN_OBJC_LITERAL_CONVERSION = YES;
				CLANG_WARN_OBJC_ROOT_CLASS = YES_ERROR;
				CLANG_WARN_QUOTED_INCLUDE_IN_FRAMEWORK_HEADER = YES;
				CLANG_WARN_RANGE_LOOP_ANALYSIS = YES;
				CLANG_WARN_STRICT_PROTOTYPES = YES;
				CLANG_WARN_SUSPICIOUS_MOVE = YES;
				CLANG_WARN_UNGUARDED_AVAILABILITY = YES_AGGRESSIVE;
				CLANG_WARN_UNREACHABLE_CODE = YES;
				CLANG_WARN__DUPLICATE_METHOD_MATCH = YES;
				CODE_SIGN_STYLE = Automatic;
				COPY_PHASE_STRIP = NO;
				CURRENT_PROJECT_VERSION = 1;
				DEBUG_INFORMATION_FORMAT = dwarf;
				DEVELOPMENT_TEAM = UWK6JHFFGJ;
				ENABLE_STRICT_OBJC_MSGSEND = YES;
				ENABLE_TESTABILITY = YES;
				ENABLE_USER_SCRIPT_SANDBOXING = NO;
				GCC_C_LANGUAGE_STANDARD = gnu11;
				GCC_DYNAMIC_NO_PIC = NO;
				GCC_NO_COMMON_BLOCKS = YES;
				GCC_OPTIMIZATION_LEVEL = 0;
				GCC_PREPROCESSOR_DEFINITIONS = (
					"$(inherited)",
					"DEBUG=1",
				);
				GCC_WARN_64_TO_32_BIT_CONVERSION = YES;
				GCC_WARN_ABOUT_RETURN_TYPE = YES_ERROR;
				GCC_WARN_UNDECLARED_SELECTOR = YES;
				GCC_WARN_UNINITIALIZED_AUTOS = YES_AGGRESSIVE;
				GCC_WARN_UNUSED_FUNCTION = YES;
				GCC_WARN_UNUSED_VARIABLE = YES;
				IPHONEOS_DEPLOYMENT_TARGET = 17.0;
				MARKETING_VERSION = 0.1.0;
				MTL_ENABLE_DEBUG_INFO = INCLUDE_SOURCE;
				MTL_FAST_MATH = YES;
				ONLY_ACTIVE_ARCH = YES;
				PRODUCT_NAME = "$(TARGET_NAME)";
				SDKROOT = iphoneos;
				SWIFT_ACTIVE_COMPILATION_CONDITIONS = DEBUG;
				SWIFT_OPTIMIZATION_LEVEL = "-Onone";
				SWIFT_STRICT_CONCURRENCY = complete;
				SWIFT_VERSION = 6.0;
			};
			name = Debug;
		};
		0A68FCEB0E7CCE9912579DC3 /* Debug */ = {
			isa = XCBuildConfiguration;
			buildSettings = {
				ASSETCATALOG_COMPILER_APPICON_NAME = AppIcon;
				CODE_SIGN_ENTITLEMENTS = Flashcards/Flashcards.entitlements;
				CODE_SIGN_IDENTITY = "iPhone Developer";
				INFOPLIST_FILE = Flashcards/Info.plist;
				INFOPLIST_KEY_UISupportedInterfaceOrientations_iPhone = UIInterfaceOrientationPortrait;
				IPHONEOS_DEPLOYMENT_TARGET = 17.0;
				LD_RUNPATH_SEARCH_PATHS = (
					"$(inherited)",
					"@executable_path/Frameworks",
				);
				PRODUCT_BUNDLE_IDENTIFIER = com.lukehogan.flashcards;
				SDKROOT = iphoneos;
				TARGETED_DEVICE_FAMILY = 1;
			};
			name = Debug;
		};
		2BCE6BBE701B1481E1737DC6 /* Debug */ = {
			isa = XCBuildConfiguration;
			buildSettings = {
				CODE_SIGN_ENTITLEMENTS = MWReminderContent/MWReminderContent.entitlements;
				GENERATE_INFOPLIST_FILE = NO;
				INFOPLIST_FILE = MWReminderContent/Info.plist;
				IPHONEOS_DEPLOYMENT_TARGET = 17.0;
				LD_RUNPATH_SEARCH_PATHS = (
					"$(inherited)",
					"@executable_path/Frameworks",
					"@executable_path/../../Frameworks",
				);
				PRODUCT_BUNDLE_IDENTIFIER = com.lukehogan.flashcards.ReminderContent;
				SDKROOT = iphoneos;
				SKIP_INSTALL = YES;
				TARGETED_DEVICE_FAMILY = "1,2";
			};
			name = Debug;
		};
		316AFAA022473EE8C3D0ABD2 /* Release */ = {
			isa = XCBuildConfiguration;
			buildSettings = {
				CODE_SIGN_ENTITLEMENTS = MWReminderContent/MWReminderContent.entitlements;
				GENERATE_INFOPLIST_FILE = NO;
				INFOPLIST_FILE = MWReminderContent/Info.plist;
				IPHONEOS_DEPLOYMENT_TARGET = 17.0;
				LD_RUNPATH_SEARCH_PATHS = (
					"$(inherited)",
					"@executable_path/Frameworks",
					"@executable_path/../../Frameworks",
				);
				PRODUCT_BUNDLE_IDENTIFIER = com.lukehogan.flashcards.ReminderContent;
				SDKROOT = iphoneos;
				SKIP_INSTALL = YES;
				TARGETED_DEVICE_FAMILY = "1,2";
			};
			name = Release;
		};
		35FDCF4E448B74BB01E00B31 /* Debug */ = {
			isa = XCBuildConfiguration;
			buildSettings = {
				BUNDLE_LOADER = "$(TEST_HOST)";
				GENERATE_INFOPLIST_FILE = YES;
				IPHONEOS_DEPLOYMENT_TARGET = 17.0;
				LD_RUNPATH_SEARCH_PATHS = (
					"$(inherited)",
					"@executable_path/Frameworks",
					"@loader_path/Frameworks",
				);
				PRODUCT_BUNDLE_IDENTIFIER = com.lukehogan.flashcards.uitests;
				SDKROOT = iphoneos;
				TARGETED_DEVICE_FAMILY = "1,2";
				TEST_TARGET_NAME = Flashcards;
			};
			name = Debug;
		};
		5E972FD397138C40324CF479 /* Release */ = {
			isa = XCBuildConfiguration;
			buildSettings = {
				ASSETCATALOG_COMPILER_APPICON_NAME = AppIcon;
				CODE_SIGN_ENTITLEMENTS = Flashcards/Flashcards.entitlements;
				CODE_SIGN_IDENTITY = "iPhone Developer";
				INFOPLIST_FILE = Flashcards/Info.plist;
				INFOPLIST_KEY_UISupportedInterfaceOrientations_iPhone = UIInterfaceOrientationPortrait;
				IPHONEOS_DEPLOYMENT_TARGET = 17.0;
				LD_RUNPATH_SEARCH_PATHS = (
					"$(inherited)",
					"@executable_path/Frameworks",
				);
				PRODUCT_BUNDLE_IDENTIFIER = com.lukehogan.flashcards;
				SDKROOT = iphoneos;
				TARGETED_DEVICE_FAMILY = 1;
			};
			name = Release;
		};
		66CC3294F0797668461280C3 /* Release */ = {
			isa = XCBuildConfiguration;
			buildSettings = {
				BUNDLE_LOADER = "$(TEST_HOST)";
				GENERATE_INFOPLIST_FILE = YES;
				IPHONEOS_DEPLOYMENT_TARGET = 17.0;
				LD_RUNPATH_SEARCH_PATHS = (
					"$(inherited)",
					"@executable_path/Frameworks",
					"@loader_path/Frameworks",
				);
				PRODUCT_BUNDLE_IDENTIFIER = com.lukehogan.flashcards.tests;
				SDKROOT = iphoneos;
				TARGETED_DEVICE_FAMILY = "1,2";
				TEST_HOST = "$(BUILT_PRODUCTS_DIR)/Flashcards.app/Flashcards";
			};
			name = Release;
		};
		983884999BA7C686AC85842F /* Release */ = {
			isa = XCBuildConfiguration;
			buildSettings = {
				ALWAYS_SEARCH_USER_PATHS = NO;
				CLANG_ANALYZER_NONNULL = YES;
				CLANG_ANALYZER_NUMBER_OBJECT_CONVERSION = YES_AGGRESSIVE;
				CLANG_CXX_LANGUAGE_STANDARD = "gnu++14";
				CLANG_CXX_LIBRARY = "libc++";
				CLANG_ENABLE_MODULES = YES;
				CLANG_ENABLE_OBJC_ARC = YES;
				CLANG_ENABLE_OBJC_WEAK = YES;
				CLANG_WARN_BLOCK_CAPTURE_AUTORELEASING = YES;
				CLANG_WARN_BOOL_CONVERSION = YES;
				CLANG_WARN_COMMA = YES;
				CLANG_WARN_CONSTANT_CONVERSION = YES;
				CLANG_WARN_DEPRECATED_OBJC_IMPLEMENTATIONS = YES;
				CLANG_WARN_DIRECT_OBJC_ISA_USAGE = YES_ERROR;
				CLANG_WARN_DOCUMENTATION_COMMENTS = YES;
				CLANG_WARN_EMPTY_BODY = YES;
				CLANG_WARN_ENUM_CONVERSION = YES;
				CLANG_WARN_INFINITE_RECURSION = YES;
				CLANG_WARN_INT_CONVERSION = YES;
				CLANG_WARN_NON_LITERAL_NULL_CONVERSION = YES;
				CLANG_WARN_OBJC_IMPLICIT_RETAIN_SELF = YES;
				CLANG_WARN_OBJC_LITERAL_CONVERSION = YES;
				CLANG_WARN_OBJC_ROOT_CLASS = YES_ERROR;
				CLANG_WARN_QUOTED_INCLUDE_IN_FRAMEWORK_HEADER = YES;
				CLANG_WARN_RANGE_LOOP_ANALYSIS = YES;
				CLANG_WARN_STRICT_PROTOTYPES = YES;
				CLANG_WARN_SUSPICIOUS_MOVE = YES;
				CLANG_WARN_UNGUARDED_AVAILABILITY = YES_AGGRESSIVE;
				CLANG_WARN_UNREACHABLE_CODE = YES;
				CLANG_WARN__DUPLICATE_METHOD_MATCH = YES;
				CODE_SIGN_STYLE = Automatic;
				COPY_PHASE_STRIP = NO;
				CURRENT_PROJECT_VERSION = 1;
				DEBUG_INFORMATION_FORMAT = "dwarf-with-dsym";
				DEVELOPMENT_TEAM = UWK6JHFFGJ;
				ENABLE_NS_ASSERTIONS = NO;
				ENABLE_STRICT_OBJC_MSGSEND = YES;
				ENABLE_USER_SCRIPT_SANDBOXING = NO;
				GCC_C_LANGUAGE_STANDARD = gnu11;
				GCC_NO_COMMON_BLOCKS = YES;
				GCC_WARN_64_TO_32_BIT_CONVERSION = YES;
				GCC_WARN_ABOUT_RETURN_TYPE = YES_ERROR;
				GCC_WARN_UNDECLARED_SELECTOR = YES;
				GCC_WARN_UNINITIALIZED_AUTOS = YES_AGGRESSIVE;
				GCC_WARN_UNUSED_FUNCTION = YES;
				GCC_WARN_UNUSED_VARIABLE = YES;
				IPHONEOS_DEPLOYMENT_TARGET = 17.0;
				MARKETING_VERSION = 0.1.0;
				MTL_ENABLE_DEBUG_INFO = NO;
				MTL_FAST_MATH = YES;
				PRODUCT_NAME = "$(TARGET_NAME)";
				SDKROOT = iphoneos;
				SWIFT_COMPILATION_MODE = wholemodule;
				SWIFT_OPTIMIZATION_LEVEL = "-O";
				SWIFT_STRICT_CONCURRENCY = complete;
				SWIFT_VERSION = 6.0;
			};
			name = Release;
		};
		DE50FBBD413E469A1B98A2E3 /* Debug */ = {
			isa = XCBuildConfiguration;
			buildSettings = {
				BUNDLE_LOADER = "$(TEST_HOST)";
				GENERATE_INFOPLIST_FILE = YES;
				IPHONEOS_DEPLOYMENT_TARGET = 17.0;
				LD_RUNPATH_SEARCH_PATHS = (
					"$(inherited)",
					"@executable_path/Frameworks",
					"@loader_path/Frameworks",
				);
				PRODUCT_BUNDLE_IDENTIFIER = com.lukehogan.flashcards.tests;
				SDKROOT = iphoneos;
				TARGETED_DEVICE_FAMILY = "1,2";
				TEST_HOST = "$(BUILT_PRODUCTS_DIR)/Flashcards.app/Flashcards";
			};
			name = Debug;
		};
/* End XCBuildConfiguration section */

/* Begin XCConfigurationList section */
		06C30E2C1DB750AE35C3E49A /* Build configuration list for PBXNativeTarget "FlashcardsUITests" */ = {
			isa = XCConfigurationList;
			buildConfigurations = (
				35FDCF4E448B74BB01E00B31 /* Debug */,
				0510B35674525A36BEE34C6E /* Release */,
			);
			defaultConfigurationIsVisible = 0;
			defaultConfigurationName = Debug;
		};
		486C63B2BBDB4BA36F23F6AE /* Build configuration list for PBXProject "Flashcards" */ = {
			isa = XCConfigurationList;
			buildConfigurations = (
				0A4EF9FF4C0A56B64A1C8C34 /* Debug */,
				983884999BA7C686AC85842F /* Release */,
			);
			defaultConfigurationIsVisible = 0;
			defaultConfigurationName = Debug;
		};
		56804C049048C3B8FFBD59E1 /* Build configuration list for PBXNativeTarget "FlashcardsTests" */ = {
			isa = XCConfigurationList;
			buildConfigurations = (
				DE50FBBD413E469A1B98A2E3 /* Debug */,
				66CC3294F0797668461280C3 /* Release */,
			);
			defaultConfigurationIsVisible = 0;
			defaultConfigurationName = Debug;
		};
		CAA4A72624AB6178D5A8E064 /* Build configuration list for PBXNativeTarget "MWReminderContent" */ = {
			isa = XCConfigurationList;
			buildConfigurations = (
				2BCE6BBE701B1481E1737DC6 /* Debug */,
				316AFAA022473EE8C3D0ABD2 /* Release */,
			);
			defaultConfigurationIsVisible = 0;
			defaultConfigurationName = Debug;
		};
		CE79D582715594345ADD9246 /* Build configuration list for PBXNativeTarget "Flashcards" */ = {
			isa = XCConfigurationList;
			buildConfigurations = (
				0A68FCEB0E7CCE9912579DC3 /* Debug */,
				5E972FD397138C40324CF479 /* Release */,
			);
			defaultConfigurationIsVisible = 0;
			defaultConfigurationName = Debug;
		};
/* End XCConfigurationList section */

/* Begin XCRemoteSwiftPackageReference section */
		10B5D53691149BBEE4E45018 /* XCRemoteSwiftPackageReference "swift-markdown-ui" */ = {
			isa = XCRemoteSwiftPackageReference;
			repositoryURL = "https://github.com/gonzalezreal/swift-markdown-ui";
			requirement = {
				kind = upToNextMajorVersion;
				minimumVersion = 2.0.0;
			};
		};
		182A3C53B1A4C8A782DBDF1D /* XCRemoteSwiftPackageReference "swift-fsrs" */ = {
			isa = XCRemoteSwiftPackageReference;
			repositoryURL = "https://github.com/4rays/swift-fsrs";
			requirement = {
				kind = exactVersion;
				version = 0.9.2;
			};
		};
		2E1C9F75BDB2EB25CEE1A9D3 /* XCRemoteSwiftPackageReference "posthog-ios" */ = {
			isa = XCRemoteSwiftPackageReference;
			repositoryURL = "https://github.com/PostHog/posthog-ios";
			requirement = {
				kind = upToNextMajorVersion;
				minimumVersion = 3.0.0;
			};
		};
		84C37652AFCF2A169E22D8FE /* XCRemoteSwiftPackageReference "KeychainAccess" */ = {
			isa = XCRemoteSwiftPackageReference;
			repositoryURL = "https://github.com/kishikawakatsumi/KeychainAccess";
			requirement = {
				kind = upToNextMajorVersion;
				minimumVersion = 4.2.2;
			};
		};
		8AC4348E17BF70F61168C72F /* XCRemoteSwiftPackageReference "swift-snapshot-testing" */ = {
			isa = XCRemoteSwiftPackageReference;
			repositoryURL = "https://github.com/pointfreeco/swift-snapshot-testing";
			requirement = {
				kind = upToNextMajorVersion;
				minimumVersion = 1.17.0;
			};
		};
		BECAC7FCCB520905766D9B35 /* XCRemoteSwiftPackageReference "sentry-cocoa" */ = {
			isa = XCRemoteSwiftPackageReference;
			repositoryURL = "https://github.com/getsentry/sentry-cocoa";
			requirement = {
				kind = upToNextMajorVersion;
				minimumVersion = 8.40.0;
			};
		};
/* End XCRemoteSwiftPackageReference section */

/* Begin XCSwiftPackageProductDependency section */
		1F414A0711619C5FDF3269DD /* MarkdownUI */ = {
			isa = XCSwiftPackageProductDependency;
			package = 10B5D53691149BBEE4E45018 /* XCRemoteSwiftPackageReference "swift-markdown-ui" */;
			productName = MarkdownUI;
		};
		6BF295D3928BC732211057E9 /* PostHog */ = {
			isa = XCSwiftPackageProductDependency;
			package = 2E1C9F75BDB2EB25CEE1A9D3 /* XCRemoteSwiftPackageReference "posthog-ios" */;
			productName = PostHog;
		};
		9A85F47B4666B3448616D1FF /* KeychainAccess */ = {
			isa = XCSwiftPackageProductDependency;
			package = 84C37652AFCF2A169E22D8FE /* XCRemoteSwiftPackageReference "KeychainAccess" */;
			productName = KeychainAccess;
		};
		B2E7B02A2283DBE098796542 /* Sentry */ = {
			isa = XCSwiftPackageProductDependency;
			package = BECAC7FCCB520905766D9B35 /* XCRemoteSwiftPackageReference "sentry-cocoa" */;
			productName = Sentry;
		};
		BF1B96FCCAF511A81AA62687 /* SwiftFSRS */ = {
			isa = XCSwiftPackageProductDependency;
			package = 182A3C53B1A4C8A782DBDF1D /* XCRemoteSwiftPackageReference "swift-fsrs" */;
			productName = SwiftFSRS;
		};
		E27D9141CA237CB70AE1FF5D /* SnapshotTesting */ = {
			isa = XCSwiftPackageProductDependency;
			package = 8AC4348E17BF70F61168C72F /* XCRemoteSwiftPackageReference "swift-snapshot-testing" */;
			productName = SnapshotTesting;
		};
/* End XCSwiftPackageProductDependency section */
	};
	rootObject = 99F96BF0A775FB829E9E9FEA /* Project object */;
}
